// !$*UTF8*$!
{
	archiveVersion = 1;
	classes = {
	};
	objectVersion = 47;
	objects = {

/* Begin PBXBuildFile section */
		AAD48DAC1B90A5A50038F6A9 /* main.m in Sources */ = {isa = PBXBuildFile; fileRef = AAD48DAB1B90A5A50038F6A9 /* main.m */; };
		AAD48DAF1B90A5A50038F6A9 /* AppDelegate.m in Sources */ = {isa = PBXBuildFile; fileRef = AAD48DAE1B90A5A50038F6A9 /* AppDelegate.m */; };
		AAD48DB21B90A5A50038F6A9 /* ViewController.m in Sources */ = {isa = PBXBuildFile; fileRef = AAD48DB11B90A5A50038F6A9 /* ViewController.m */; };
		AAD48DB51B90A5A50038F6A9 /* Main.storyboard in Resources */ = {isa = PBXBuildFile; fileRef = AAD48DB31B90A5A50038F6A9 /* Main.storyboard */; };
		AAD48DB71B90A5A50038F6A9 /* Images.xcassets in Resources */ = {isa = PBXBuildFile; fileRef = AAD48DB61B90A5A50038F6A9 /* Images.xcassets */; };
		AAD48DBA1B90A5A50038F6A9 /* LaunchScreen.xib in Resources */ = {isa = PBXBuildFile; fileRef = AAD48DB81B90A5A50038F6A9 /* LaunchScreen.xib */; };
		AAD48DC61B90A5A50038F6A9 /* TippsTests.m in Sources */ = {isa = PBXBuildFile; fileRef = AAD48DC51B90A5A50038F6A9 /* TippsTests.m */; };
/* End PBXBuildFile section */

/* Begin PBXContainerItemProxy section */
		AAD48DC01B90A5A50038F6A9 /* PBXContainerItemProxy */ = {
			isa = PBXContainerItemProxy;
			containerPortal = AAD48D9E1B90A5A50038F6A9 /* Project object */;
			proxyType = 1;
			remoteGlobalIDString = AAD48DA51B90A5A50038F6A9;
			remoteInfo = Tipps;
		};
/* End PBXContainerItemProxy section */

/* Begin PBXFileReference section */
		AAD48DA61B90A5A50038F6A9 /* Tipps.app */ = {isa = PBXFileReference; explicitFileType = wrapper.application; includeInIndex = 0; path = Tipps.app; sourceTree = BUILT_PRODUCTS_DIR; };
		AAD48DAA1B90A5A50038F6A9 /* Info.plist */ = {isa = PBXFileReference; lastKnownFileType = text.plist.xml; path = Info.plist; sourceTree = "<group>"; };
		AAD48DAB1B90A5A50038F6A9 /* main.m */ = {isa = PBXFileReference; lastKnownFileType = sourcecode.c.objc; path = main.m; sourceTree = "<group>"; };
		AAD48DAD1B90A5A50038F6A9 /* AppDelegate.h */ = {isa = PBXFileReference; lastKnownFileType = sourcecode.c.h; path = AppDelegate.h; sourceTree = "<group>"; };
		AAD48DAE1B90A5A50038F6A9 /* AppDelegate.m */ = {isa = PBXFileReference; lastKnownFileType = sourcecode.c.objc; path = AppDelegate.m; sourceTree = "<group>"; };
		AAD48DB01B90A5A50038F6A9 /* ViewController.h */ = {isa = PBXFileReference; lastKnownFileType = sourcecode.c.h; path = ViewController.h; sourceTree = "<group>"; };
		AAD48DB11B90A5A50038F6A9 /* ViewController.m */ = {isa = PBXFileReference; lastKnownFileType = sourcecode.c.objc; path = ViewController.m; sourceTree = "<group>"; };
		AAD48DB41B90A5A50038F6A9 /* Base */ = {isa = PBXFileReference; lastKnownFileType = file.storyboard; name = Base; path = Base.lproj/Main.storyboard; sourceTree = "<group>"; };
		AAD48DB61B90A5A50038F6A9 /* Images.xcassets */ = {isa = PBXFileReference; lastKnownFileType = folder.assetcatalog; path = Images.xcassets; sourceTree = "<group>"; };
		AAD48DB91B90A5A50038F6A9 /* Base */ = {isa = PBXFileReference; lastKnownFileType = file.xib; name = Base; path = Base.lproj/LaunchScreen.xib; sourceTree = "<group>"; };
		AAD48DBF1B90A5A50038F6A9 /* TippsTests.xctest */ = {isa = PBXFileReference; explicitFileType = wrapper.cfbundle; includeInIndex = 0; path = TippsTests.xctest; sourceTree = BUILT_PRODUCTS_DIR; };
		AAD48DC41B90A5A50038F6A9 /* Info.plist */ = {isa = PBXFileReference; lastKnownFileType = text.plist.xml; path = Info.plist; sourceTree = "<group>"; };
		AAD48DC51B90A5A50038F6A9 /* TippsTests.m */ = {isa = PBXFileReference; lastKnownFileType = sourcecode.c.objc; path = TippsTests.m; sourceTree = "<group>"; };
/* End PBXFileReference section */

/* Begin PBXFrameworksBuildPhase section */
		AAD48DA31B90A5A50038F6A9 /* Frameworks */ = {
			isa = PBXFrameworksBuildPhase;
			buildActionMask = 2147483647;
			files = (
			);
			runOnlyForDeploymentPostprocessing = 0;
		};
		AAD48DBC1B90A5A50038F6A9 /* Frameworks */ = {
			isa = PBXFrameworksBuildPhase;
			buildActionMask = 2147483647;
			files = (
			);
			runOnlyForDeploymentPostprocessing = 0;
		};
/* End PBXFrameworksBuildPhase section */

/* Begin PBXGroup section */
		AAD48D9D1B90A5A50038F6A9 = {
			isa = PBXGroup;
			children = (
				AAD48DA81B90A5A50038F6A9 /* Tipps */,
				AAD48DC21B90A5A50038F6A9 /* TippsTests */,
				AAD48DA71B90A5A50038F6A9 /* Products */,
			);
			sourceTree = "<group>";
		};
		AAD48DA71B90A5A50038F6A9 /* Products */ = {
			isa = PBXGroup;
			children = (
				AAD48DA61B90A5A50038F6A9 /* Tipps.app */,
				AAD48DBF1B90A5A50038F6A9 /* TippsTests.xctest */,
			);
			name = Products;
			sourceTree = "<group>";
		};
		AAD48DA81B90A5A50038F6A9 /* Tipps */ = {
			isa = PBXGroup;
			children = (
				AAD48DAD1B90A5A50038F6A9 /* AppDelegate.h */,
				AAD48DAE1B90A5A50038F6A9 /* AppDelegate.m */,
				AAD48DB01B90A5A50038F6A9 /* ViewController.h */,
				AAD48DB11B90A5A50038F6A9 /* ViewController.m */,
				AAD48DB31B90A5A50038F6A9 /* Main.storyboard */,
				AAD48DB61B90A5A50038F6A9 /* Images.xcassets */,
				AAD48DB81B90A5A50038F6A9 /* LaunchScreen.xib */,
				AAD48DA91B90A5A50038F6A9 /* Supporting Files */,
			);
			path = Tipps;
			sourceTree = "<group>";
		};
		AAD48DA91B90A5A50038F6A9 /* Supporting Files */ = {
			isa = PBXGroup;
			children = (
				AAD48DAA1B90A5A50038F6A9 /* Info.plist */,
				AAD48DAB1B90A5A50038F6A9 /* main.m */,
			);
			name = "Supporting Files";
			sourceTree = "<group>";
		};
		AAD48DC21B90A5A50038F6A9 /* TippsTests */ = {
			isa = PBXGroup;
			children = (
				AAD48DC51B90A5A50038F6A9 /* TippsTests.m */,
				AAD48DC31B90A5A50038F6A9 /* Supporting Files */,
			);
			path = TippsTests;
			sourceTree = "<group>";
		};
		AAD48DC31B90A5A50038F6A9 /* Supporting Files */ = {
			isa = PBXGroup;
			children = (
				AAD48DC41B90A5A50038F6A9 /* Info.plist */,
			);
			name = "Supporting Files";
			sourceTree = "<group>";
		};
/* End PBXGroup section */

/* Begin PBXNativeTarget section */
		AAD48DA51B90A5A50038F6A9 /* Tipps */ = {
			isa = PBXNativeTarget;
			buildConfigurationList = AAD48DC91B90A5A50038F6A9 /* Build configuration list for PBXNativeTarget "Tipps" */;
			buildPhases = (
				AAD48DA21B90A5A50038F6A9 /* Sources */,
				AAD48DA31B90A5A50038F6A9 /* Frameworks */,
				AAD48DA41B90A5A50038F6A9 /* Resources */,
			);
			buildRules = (
			);
			dependencies = (
			);
			name = Tipps;
			productName = Tipps;
			productReference = AAD48DA61B90A5A50038F6A9 /* Tipps.app */;
			productType = "com.apple.product-type.application";
		};
		AAD48DBE1B90A5A50038F6A9 /* TippsTests */ = {
			isa = PBXNativeTarget;
			buildConfigurationList = AAD48DCC1B90A5A50038F6A9 /* Build configuration list for PBXNativeTarget "TippsTests" */;
			buildPhases = (
				AAD48DBB1B90A5A50038F6A9 /* Sources */,
				AAD48DBC1B90A5A50038F6A9 /* Frameworks */,
				AAD48DBD1B90A5A50038F6A9 /* Resources */,
			);
			buildRules = (
			);
			dependencies = (
				AAD48DC11B90A5A50038F6A9 /* PBXTargetDependency */,
			);
			name = TippsTests;
			productName = TippsTests;
			productReference = AAD48DBF1B90A5A50038F6A9 /* TippsTests.xctest */;
			productType = "com.apple.product-type.bundle.unit-test";
		};
/* End PBXNativeTarget section */

/* Begin PBXProject section */
		AAD48D9E1B90A5A50038F6A9 /* Project object */ = {
			isa = PBXProject;
			attributes = {
				CLASSPREFIX = "    {\n        \"type\": \"message\",\n        \"subtype\": \"file_share\",\n        \"text\": \"<@U03H9A41N|olivierkraff> uploaded a file: <https:\\/\\/smartven.slack.com\\/files\\/olivierkraff\\/F051LNU7C\\/capture_d_____cran_2015-05-26____15.17.38.png|Capture d\\u2019\\u00e9cran 2015-05-26 \\u00e0 15.17.38.png>\",\n        \"file\": {\n            \"id\": \"F051LNU7C\",\n            \"created\": 1432646661,\n            \"timestamp\": 1432646661,\n            \"name\": \"Capture d\\u2019\\u00e9cran 2015-05-26 \\u00e0 15.17.38.png\",\n            \"title\": \"Capture d\\u2019\\u00e9cran 2015-05-26 \\u00e0 15.17.38.png\",\n            \"mimetype\": \"image\\/png\",\n            \"filetype\": \"png\",\n            \"pretty_type\": \"PNG\",\n            \"user\": \"U03H9A41N\",\n            \"editable\": false,\n            \"size\": 1103395,\n            \"mode\": \"hosted\",\n            \"is_external\": false,\n            \"external_type\": \"\",\n            \"is_public\": true,\n            \"public_url_shared\": false,\n            \"display_as_bot\": false,\n            \"username\": \"\",\n            \"url\": \"https:\\/\\/slack-files.com\\/files-pub\\/T02SWSRV4-F051LNU7C-ab06396d05\\/capture_d_____cran_2015-05-26____15.17.38.png\",\n            \"url_download\": \"https:\\/\\/slack-files.com\\/files-pub\\/T02SWSRV4-F051LNU7C-ab06396d05\\/download\\/capture_d_____cran_2015-05-26____15.17.38.png\",\n            \"url_private\": \"https:\\/\\/files.slack.com\\/files-pri\\/T02SWSRV4-F051LNU7C\\/capture_d_____cran_2015-05-26____15.17.38.png\",\n            \"url_private_download\": \"https:\\/\\/files.slack.com\\/files-pri\\/T02SWSRV4-F051LNU7C\\/download\\/capture_d_____cran_2015-05-26____15.17.38.png\",\n            \"thumb_64\": \"https:\\/\\/slack-files.com\\/files-tmb\\/T02SWSRV4-F051LNU7C-9c5fc6efb1\\/capture_d_____cran_2015-05-26____15.17.38_64.png\",\n            \"thumb_80\": \"https:\\/\\/slack-files.com\\/files-tmb\\/T02SWSRV4-F051LNU7C-9c5fc6efb1\\/capture_d_____cran_2015-05-26____15.17.38_80.png\",\n            \"thumb_360\": \"https:\\/\\/slack-files.com\\/files-tmb\\/T02SWSRV4-F051LNU7C-9c5fc6efb1\\/capture_d_____cran_2015-05-26____15.17.38_360.png\",\n            \"thumb_360_w\": 360,\n            \"thumb_360_h\": 203,\n            \"thumb_480\": \"https:\\/\\/slack-files.com\\/files-tmb\\/T02SWSRV4-F051LNU7C-9c5fc6efb1\\/capture_d_____cran_2015-05-26____15.17.38_480.png\",\n            \"thumb_480_w\": 480,\n            \"thumb_480_h\": 270,\n            \"thumb_160\": \"https:\\/\\/slack-files.com\\/files-tmb\\/T02SWSRV4-F051LNU7C-9c5fc6efb1\\/capture_d_____cran_2015-05-26____15.17.38_160.png\",\n            \"thumb_720\": \"https:\\/\\/slack-files.com\\/files-tmb\\/T02SWSRV4-F051LNU7C-9c5fc6efb1\\/capture_d_____cran_2015-05-26____15.17.38_720.png\",\n            \"thumb_720_w\": 720,\n            \"thumb_720_h\": 405,\n            \"thumb_960\": \"https:\\/\\/slack-files.com\\/files-tmb\\/T02SWSRV4-F051LNU7C-9c5fc6efb1\\/capture_d_____cran_2015-05-26____15.17.38_960.png\",\n            \"thumb_960_w\": 960,\n            \"thumb_960_h\": 540,\n            \"thumb_1024\": \"https:\\/\\/slack-files.com\\/files-tmb\\/T02SWSRV4-F051LNU7C-9c5fc6efb1\\/capture_d_____cran_2015-05-26____15.17.38_1024.png\",\n            \"thumb_1024_w\": 1024,\n            \"thumb_1024_h\": 576,\n            \"image_exif_rotation\": 1,\n            \"original_w\": 1224,\n            \"original_h\": 689,\n            \"permalink\": \"https:\\/\\/smartven.slack.com\\/files\\/olivierkraff\\/F051LNU7C\\/capture_d_____cran_2015-05-26____15.17.38.png\",\n            \"permalink_public\": \"https:\\/\\/slack-files.com\\/T02SWSRV4-F051LNU7C-ab06396d05\",\n            \"channels\": [\n                \"C04V9JUJD\"\n            ],\n            \"groups\": [\n\n            ],\n            \"ims\": [\n\n            ],\n            \"comments_count\": 0\n        },\n        \"user\": \"U03H9A41N\",\n        \"upload\": true,\n        \"display_as_bot\": false,\n        \"username\": \"<@U03H9A41N|olivierkraff>\",\n        \"bot_id\": null,\n        \"ts\": \"1432646670.000002\"\n    },\n    {\n        \"type\": \"message\",\n        \"subtype\": \"file_share\",\n        \"text\": \"<@U03H9A41N|olivierkraff> uploaded a file: <https:\\/\\/smartven.slack.com\\/files\\/olivierkraff\\/F051LNXGQ\\/capture_d_____cran_2015-05-26____15.20.10.png|Capture d\\u2019\\u00e9cran 2015-05-26 \\u00e0 15.20.10.png>\",\n        \"file\": {\n            \"id\": \"F051LNXGQ\",\n            \"created\": 1432646672,\n            \"timestamp\": 1432646672,\n            \"name\": \"Capture d\\u2019\\u00e9cran 2015-05-26 \\u00e0 15.20.10.png\",\n            \"title\": \"Capture d\\u2019\\u00e9cran 2015-05-26 \\u00e0 15.20.10.png\",\n            \"mimetype\": \"image\\/png\",\n            \"filetype\": \"png\",\n            \"pretty_type\": \"PNG\",\n            \"user\": \"U03H9A41N\",\n            \"editable\": false,\n            \"size\": 1111283,\n            \"mode\": \"hosted\",\n            \"is_external\": false,\n            \"external_type\": \"\",\n            \"is_public\": true,\n            \"public_url_shared\": false,\n            \"display_as_bot\": false,\n            \"username\": \"\",\n            \"url\": \"https:\\/\\/slack-files.com\\/files-pub\\/T02SWSRV4-F051LNXGQ-532a146fc3\\/capture_d_____cran_2015-05-26____15.20.10.png\",\n            \"url_download\": \"https:\\/\\/slack-files.com\\/files-pub\\/T02SWSRV4-F051LNXGQ-532a146fc3\\/download\\/capture_d_____cran_2015-05-26____15.20.10.png\",\n            \"url_private\": \"https:\\/\\/files.slack.com\\/files-pri\\/T02SWSRV4-F051LNXGQ\\/capture_d_____cran_2015-05-26____15.20.10.png\",\n            \"url_private_download\": \"https:\\/\\/files.slack.com\\/files-pri\\/T02SWSRV4-F051LNXGQ\\/download\\/capture_d_____cran_2015-05-26____15.20.10.png\",\n            \"thumb_64\": \"https:\\/\\/slack-files.com\\/files-tmb\\/T02SWSRV4-F051LNXGQ-7957417b51\\/capture_d_____cran_2015-05-26____15.20.10_64.png\",\n            \"thumb_80\": \"https:\\/\\/slack-files.com\\/files-tmb\\/T02SWSRV4-F051LNXGQ-7957417b51\\/capture_d_____cran_2015-05-26____15.20.10_80.png\",\n            \"thumb_360\": \"https:\\/\\/slack-files.com\\/files-tmb\\/T02SWSRV4-F051LNXGQ-7957417b51\\/capture_d_____cran_2015-05-26____15.20.10_360.png\",\n            \"thumb_360_w\": 360,\n            \"thumb_360_h\": 202,\n            \"thumb_480\": \"https:\\/\\/slack-files.com\\/files-tmb\\/T02SWSRV4-F051LNXGQ-7957417b51\\/capture_d_____cran_2015-05-26____15.20.10_480.png\",\n            \"thumb_480_w\": 480,\n            \"thumb_480_h\": 270,\n            \"thumb_160\": \"https:\\/\\/slack-files.com\\/files-tmb\\/T02SWSRV4-F051LNXGQ-7957417b51\\/capture_d_____cran_2015-05-26____15.20.10_160.png\",\n            \"thumb_720\": \"https:\\/\\/slack-files.com\\/files-tmb\\/T02SWSRV4-F051LNXGQ-7957417b51\\/capture_d_____cran_2015-05-26____15.20.10_720.png\",\n            \"thumb_720_w\": 720,\n            \"thumb_720_h\": 405,\n            \"thumb_960\": \"https:\\/\\/slack-files.com\\/files-tmb\\/T02SWSRV4-F051LNXGQ-7957417b51\\/capture_d_____cran_2015-05-26____15.20.10_960.png\",\n            \"thumb_960_w\": 960,\n            \"thumb_960_h\": 540,\n            \"thumb_1024\": \"https:\\/\\/slack-files.com\\/files-tmb\\/T02SWSRV4-F051LNXGQ-7957417b51\\/capture_d_____cran_2015-05-26____15.20.10_1024.png\",\n            \"thumb_1024_w\": 1024,\n            \"thumb_1024_h\": 576,\n            \"image_exif_rotation\": 1,\n            \"original_w\": 1222,\n            \"original_h\": 687,\n            \"permalink\": \"https:\\/\\/smartven.slack.com\\/files\\/olivierkraff\\/F051LNXGQ\\/capture_d_____cran_2015-05-26____15.20.10.png\",\n            \"permalink_public\": \"https:\\/\\/slack-files.com\\/T02SWSRV4-F051LNXGQ-532a146fc3\",\n            \"channels\": [\n                \"C04V9JUJD\"\n            ],\n            \"groups\": [\n\n            ],\n            \"ims\": [\n\n            ],\n            \"comments_count\": 0\n        },\n        \"user\": \"U03H9A41N\",\n        \"upload\": true,\n        \"display_as_bot\": false,\n        \"username\": \"<@U03H9A41N|olivierkraff>\",\n        \"bot_id\": null,\n        \"ts\": \"1432646688.000003\"\n    },\n    {\n        \"type\": \"message\",\n        \"subtype\": \"file_share\",\n        \"text\": \"<@U03H9A41N|olivierkraff> uploaded a file: <https:\\/\\/smartven.slack.com\\/files\\/olivierkraff\\/F0528DJ9K\\/capture_d_____cran_2015-05-26____15.21.32.png|Capture d\\u2019\\u00e9cran 2015-05-26 \\u00e0 15.21.32.png>\",\n        \"file\": {\n            \"id\": \"F0528DJ9K\",\n            \"created\": 1432646690,\n            \"timestamp\": 1432646690,\n            \"name\": \"Capture d\\u2019\\u00e9cran 2015-05-26 \\u00e0 15.21.32.png\",\n            \"title\": \"Capture d\\u2019\\u00e9cran 2015-05-26 \\u00e0 15.21.32.png\",\n            \"mimetype\": \"image\\/png\",\n            \"filetype\": \"png\",\n            \"pretty_type\": \"PNG\",\n            \"user\": \"U03H9A41N\",\n            \"editable\": false,\n            \"size\": 1123630,\n            \"mode\": \"hosted\",\n            \"is_external\": false,\n            \"external_type\": \"\",\n            \"is_public\": true,\n            \"public_url_shared\": false,\n            \"display_as_bot\": false,\n            \"username\": \"\",\n            \"url\": \"https:\\/\\/slack-files.com\\/files-pub\\/T02SWSRV4-F0528DJ9K-e65a64cb31\\/capture_d_____cran_2015-05-26____15.21.32.png\",\n            \"url_download\": \"https:\\/\\/slack-files.com\\/files-pub\\/T02SWSRV4-F0528DJ9K-e65a64cb31\\/download\\/capture_d_____cran_2015-05-26____15.21.32.png\",\n            \"url_private\": \"https:\\/\\/files.slack.com\\/files-pri\\/T02SWSRV4-F0528DJ9K\\/capture_d_____cran_2015-05-26____15.21.32.png\",\n            \"url_private_download\": \"https:\\/\\/files.slack.com\\/files-pri\\/T02SWSRV4-F0528DJ9K\\/download\\/capture_d_____cran_2015-05-26____15.21.32.png\",\n            \"thumb_64\": \"https:\\/\\/slack-files.com\\/files-tmb\\/T02SWSRV4-F0528DJ9K-cb62894f9b\\/capture_d_____cran_2015-05-26____15.21.32_64.png\",\n            \"thumb_80\": \"https:\\/\\/slack-files.com\\/files-tmb\\/T02SWSRV4-F0528DJ9K-cb62894f9b\\/capture_d_____cran_2015-05-26____15.21.32_80.png\",\n            \"thumb_360\": \"https:\\/\\/slack-files.com\\/files-tmb\\/T02SWSRV4-F0528DJ9K-cb62894f9b\\/capture_d_____cran_2015-05-26____15.21.32_360.png\",\n            \"thumb_360_w\": 360,\n            \"thumb_360_h\": 203,\n            \"thumb_480\": \"https:\\/\\/slack-files.com\\/files-tmb\\/T02SWSRV4-F0528DJ9K-cb62894f9b\\/capture_d_____cran_2015-05-26____15.21.32_480.png\",\n            \"thumb_480_w\": 480,\n            \"thumb_480_h\": 271,\n            \"thumb_160\": \"https:\\/\\/slack-files.com\\/files-tmb\\/T02SWSRV4-F0528DJ9K-cb62894f9b\\/capture_d_____cran_2015-05-26____15.21.32_160.png\",\n            \"thumb_720\": \"https:\\/\\/slack-files.com\\/files-tmb\\/T02SWSRV4-F0528DJ9K-cb62894f9b\\/capture_d_____cran_2015-05-26____15.21.32_720.png\",\n            \"thumb_720_w\": 720,\n            \"thumb_720_h\": 407,\n            \"thumb_960\": \"https:\\/\\/slack-files.com\\/files-tmb\\/T02SWSRV4-F0528DJ9K-cb62894f9b\\/capture_d_____cran_2015-05-26____15.21.32_960.png\",\n            \"thumb_960_w\": 960,\n            \"thumb_960_h\": 543,\n            \"thumb_1024\": \"https:\\/\\/slack-files.com\\/files-tmb\\/T02SWSRV4-F0528DJ9K-cb62894f9b\\/capture_d_____cran_2015-05-26____15.21.32_1024.png\",\n            \"thumb_1024_w\": 1024,\n            \"thumb_1024_h\": 579,\n            \"image_exif_rotation\": 1,\n            \"original_w\": 1226,\n            \"original_h\": 693,\n            \"permalink\": \"https:\\/\\/smartven.slack.com\\/files\\/olivierkraff\\/F0528DJ9K\\/capture_d_____cran_2015-05-26____15.21.32.png\",\n            \"permalink_public\": \"https:\\/\\/slack-files.com\\/T02SWSRV4-F0528DJ9K-e65a64cb31\",\n            \"channels\": [\n                \"C04V9JUJD\"\n            ],\n            \"groups\": [\n\n            ],\n            \"ims\": [\n\n            ],\n            \"comments_count\": 0\n        },\n        \"user\": \"U03H9A41N\",\n        \"upload\": true,\n        \"display_as_bot\": false,\n        \"username\": \"<@U03H9A41N|olivierkraff>\",\n        \"bot_id\": null,\n        \"ts\": \"1432646699.000004\"\n    },\n    {\n        \"type\": \"message\",\n        \"user\": \"U02SWSS00\",\n        \"text\": \"cool\",\n        \"ts\": \"1432646773.000005\"\n    },\n    {\n        \"type\": \"message\",\n        \"user\": \"U02SWSS00\",\n        \"text\": \"je pense que la partie verre peut \\u00eatre plus haute et pas biseaut\\u00e9e\",\n        \"ts\": \"1432648975.000006\"\n    },\n    {\n        \"type\": \"message\",\n        \"user\": \"U02SWSS00\",\n        \"text\": \"comme pour paquet de cigarettes\",\n        \"ts\": \"1432648998.000007\"\n    },\n    {\n        \"type\": \"message\",\n        \"user\": \"U03H9A41N\",\n        \"text\": \"ca bloque a l'ouverture\",\n        \"ts\": \"1432648999.000008\"\n    },\n    {\n        \"type\": \"message\",\n        \"user\": \"U02SWSS00\",\n        \"text\": \"non car c\\u2019est carton souple et tu vas arrondir les arretes\",\n        \"ts\": \"1432649023.000009\"\n    },\n    {\n        \"type\": \"message\",\n        \"user\": \"U02SWSS00\",\n        \"text\": \"vraiment comme un pquet de cigarettes\",\n        \"ts\": \"1432649042.000010\"\n    },\n    {\n        \"type\": \"message\",\n        \"subtype\": \"file_share\",\n        \"text\": \"<@U03H9A41N|olivierkraff> uploaded a file: <https:\\/\\/smartven.slack.com\\/files\\/olivierkraff\\/F0529314R\\/capture_d_____cran_2015-05-26____16.04.07.png|Capture d\\u2019\\u00e9cran 2015-05-26 \\u00e0 16.04.07.png>\",\n        \"file\": {\n            \"id\": \"F0529314R\",\n            \"created\": 1432649064,\n            \"timestamp\": 1432649064,\n            \"name\": \"Capture d\\u2019\\u00e9cran 2015-05-26 \\u00e0 16.04.07.png\",\n            \"title\": \"Capture d\\u2019\\u00e9cran 2015-05-26 \\u00e0 16.04.07.png\",\n            \"mimetype\": \"image\\/png\",\n            \"filetype\": \"png\",\n            \"pretty_type\": \"PNG\",\n            \"user\": \"U03H9A41N\",\n            \"editable\": false,\n            \"size\": 42640,\n            \"mode\": \"hosted\",\n            \"is_external\": false,\n            \"external_type\": \"\",\n            \"is_public\": true,\n            \"public_url_shared\": false,\n            \"display_as_bot\": false,\n            \"username\": \"\",\n            \"url\": \"https:\\/\\/slack-files.com\\/files-pub\\/T02SWSRV4-F0529314R-e65a567d49\\/capture_d_____cran_2015-05-26____16.04.07.png\",\n            \"url_download\": \"https:\\/\\/slack-files.com\\/files-pub\\/T02SWSRV4-F0529314R-e65a567d49\\/download\\/capture_d_____cran_2015-05-26____16.04.07.png\",\n            \"url_private\": \"https:\\/\\/files.slack.com\\/files-pri\\/T02SWSRV4-F0529314R\\/capture_d_____cran_2015-05-26____16.04.07.png\",\n            \"url_private_download\": \"https:\\/\\/files.slack.com\\/files-pri\\/T02SWSRV4-F0529314R\\/download\\/capture_d_____cran_2015-05-26____16.04.07.png\",\n            \"thumb_64\": \"https:\\/\\/slack-files.com\\/files-tmb\\/T02SWSRV4-F0529314R-dbd1139cbe\\/capture_d_____cran_2015-05-26____16.04.07_64.png\",\n            \"thumb_80\": \"https:\\/\\/slack-files.com\\/files-tmb\\/T02SWSRV4-F0529314R-dbd1139cbe\\/capture_d_____cran_2015-05-26____16.04.07_80.png\",\n            \"thumb_360\": \"https:\\/\\/slack-files.com\\/files-tmb\\/T02SWSRV4-F0529314R-dbd1139cbe\\/capture_d_____cran_2015-05-26____16.04.07_360.png\",\n            \"thumb_360_w\": 262,\n            \"thumb_360_h\": 360,\n            \"thumb_480\": \"https:\\/\\/slack-files.com\\/files-tmb\\/T02SWSRV4-F0529314R-dbd1139cbe\\/capture_d_____cran_2015-05-26____16.04.07_480.png\",\n            \"thumb_480_w\": 349,\n            \"thumb_480_h\": 480,\n            \"thumb_160\": \"https:\\/\\/slack-files.com\\/files-tmb\\/T02SWSRV4-F0529314R-dbd1139cbe\\/capture_d_____cran_2015-05-26____16.04.07_160.png\",\n            \"thumb_720\": \"https:\\/\\/slack-files.com\\/files-tmb\\/T02SWSRV4-F0529314R-dbd1139cbe\\/capture_d_____cran_2015-05-26____16.04.07_720.png\",\n            \"thumb_720_w\": 524,\n            \"thumb_720_h\": 720,\n            \"image_exif_rotation\": 1,\n            \"original_w\": 600,\n            \"original_h\": 825,\n            \"permalink\": \"https:\\/\\/smartven.slack.com\\/files\\/olivierkraff\\/F0529314R\\/capture_d_____cran_2015-05-26____16.04.07.png\",\n            \"permalink_public\": \"https:\\/\\/slack-files.com\\/T02SWSRV4-F0529314R-e65a567d49\",\n            \"channels\": [\n                \"C04V9JUJD\"\n            ],\n            \"groups\": [\n\n            ],\n            \"ims\": [\n\n            ],\n            \"comments_count\": 0\n        },\n        \"user\": \"U03H9A41N\",\n        \"upload\": true,\n        \"display_as_bot\": false,\n        \"username\": \"<@U03H9A41N|olivierkraff>\",\n        \"bot_id\": null,\n        \"ts\": \"1432649068.000011\"\n    },\n    {\n        \"type\": \"message\",\n        \"subtype\": \"file_share\",\n        \"text\": \"<@U02SWSS00|steve> uploaded a file: <https:\\/\\/smartven.slack.com\\/files\\/steve\\/F052936R1\\/etui-cigarette-cache-paquet-noir.jpg|etui-cigarette-cache-paquet-noir.jpg>\",\n        \"file\": {\n            \"id\": \"F052936R1\",\n            \"created\": 1432649081,\n            \"timestamp\": 1432649081,\n            \"name\": \"etui-cigarette-cache-paquet-noir.jpg\",\n            \"title\": \"etui-cigarette-cache-paquet-noir.jpg\",\n            \"mimetype\": \"image\\/jpeg\",\n            \"filetype\": \"jpg\",\n            \"pretty_type\": \"JPEG\",\n            \"user\": \"U02SWSS00\",\n            \"editable\": false,\n            \"size\": 25700,\n            \"mode\": \"hosted\",\n            \"is_external\": false,\n            \"external_type\": \"\",\n            \"is_public\": true,\n            \"public_url_shared\": false,\n            \"display_as_bot\": false,\n            \"username\": \"\",\n            \"url\": \"https:\\/\\/slack-files.com\\/files-pub\\/T02SWSRV4-F052936R1-b5e66dea07\\/etui-cigarette-cache-paquet-noir.jpg\",\n            \"url_download\": \"https:\\/\\/slack-files.com\\/files-pub\\/T02SWSRV4-F052936R1-b5e66dea07\\/download\\/etui-cigarette-cache-paquet-noir.jpg\",\n            \"url_private\": \"https:\\/\\/files.slack.com\\/files-pri\\/T02SWSRV4-F052936R1\\/etui-cigarette-cache-paquet-noir.jpg\",\n            \"url_private_download\": \"https:\\/\\/files.slack.com\\/files-pri\\/T02SWSRV4-F052936R1\\/download\\/etui-cigarette-cache-paquet-noir.jpg\",\n            \"thumb_64\": \"https:\\/\\/slack-files.com\\/files-tmb\\/T02SWSRV4-F052936R1-fb0d347d9f\\/etui-cigarette-cache-paquet-noir_64.png\",\n            \"thumb_80\": \"https:\\/\\/slack-files.com\\/files-tmb\\/T02SWSRV4-F052936R1-fb0d347d9f\\/etui-cigarette-cache-paquet-noir_80.png\",\n            \"thumb_360\": \"https:\\/\\/slack-files.com\\/files-tmb\\/T02SWSRV4-F052936R1-fb0d347d9f\\/etui-cigarette-cache-paquet-noir_360.png\",\n            \"thumb_360_w\": 360,\n            \"thumb_360_h\": 360,\n            \"thumb_480\": \"https:\\/\\/slack-files.com\\/files-tmb\\/T02SWSRV4-F052936R1-fb0d347d9f\\/etui-cigarette-cache-paquet-noir_480.png\",\n            \"thumb_480_w\": 480,\n            \"thumb_480_h\": 480,\n            \"thumb_160\": \"https:\\/\\/slack-files.com\\/files-tmb\\/T02SWSRV4-F052936R1-fb0d347d9f\\/etui-cigarette-cache-paquet-noir_160.png\",\n            \"image_exif_rotation\": 1,\n            \"original_w\": 600,\n            \"original_h\": 600,\n            \"permalink\": \"https:\\/\\/smartven.slack.com\\/files\\/steve\\/F052936R1\\/etui-cigarette-cache-paquet-noir.jpg\",\n            \"permalink_public\": \"https:\\/\\/slack-files.com\\/T02SWSRV4-F052936R1-b5e66dea07\",\n            \"channels\": [\n                \"C04V9JUJD\"\n            ],\n            \"groups\": [\n\n            ],\n            \"ims\": [\n\n            ],\n            \"comments_count\": 0\n        },\n        \"user\": \"U02SWSS00\",\n        \"upload\": true,\n        \"display_as_bot\": false,\n        \"username\": \"<@U02SWSS00|steve>\",\n        \"bot_id\": null,\n        \"ts\": \"1432649084.000012\"\n    },\n    {\n        \"type\": \"message\",\n        \"user\": \"U02SWSS00\",\n        \"text\": \"je fais un croquis\",\n        \"ts\": \"1432649103.000013\"\n    },\n    {\n        \"type\": \"message\",\n        \"user\": \"U03H9A41N\",\n        \"text\": \"j ai essay\\u00e9 de garder la partie haute en square\",\n        \"ts\": \"1432649106.000014\"\n    },\n    {\n        \"type\": \"message\",\n        \"user\": \"U03H9A41N\",\n        \"text\": \"donc plus haut qu\\u2019un paquet de cigarette\",\n        \"ts\": \"1432649121.000015\"\n    },\n    {\n        \"type\": \"message\",\n        \"user\": \"U02SWSS00\",\n        \"text\": \"ah - c\\u2019est un probleme de largeur ok\",\n        \"ts\": \"1432649128.000016\"\n    },\n    {\n        \"type\": \"message\",\n        \"user\": \"U03H9A41N\",\n        \"text\": \"yes\",\n        \"ts\": \"1432649138.000017\"\n    },\n    {\n        \"type\": \"message\",\n        \"user\": \"U02SWSS00\",\n        \"text\": \"on va voir - il faut avancer au max sur le packaging ecig et l\\u2019edito ecig\\/cartouche. je regarde pour l\\u2019ouverture si on peut faire mieux\",\n        \"ts\": \"1432649173.000018\"\n    },\n    {\n        \"type\": \"message\",\n        \"subtype\": \"file_share\",\n        \"text\": \"<@U02SWSS00|steve> uploaded a file: <https:\\/\\/smartven.slack.com\\/files\\/steve\\/F05299RV5\\/fermeture_packaging_cartouche.jpg|Fermeture packaging cartouche>\",\n        \"file\": {\n            \"id\": \"F05299RV5\",\n            \"created\": 1432649844,\n            \"timestamp\": 1432649844,\n            \"name\": \"Fermeture packaging cartouche.jpg\",\n            \"title\": \"Fermeture packaging cartouche\",\n            \"mimetype\": \"image\\/jpeg\",\n            \"filetype\": \"jpg\",\n            \"pretty_type\": \"JPEG\",\n            \"user\": \"U02SWSS00\",\n            \"editable\": false,\n            \"size\": 1257047,\n            \"mode\": \"hosted\",\n            \"is_external\": false,\n            \"external_type\": \"\",\n            \"is_public\": true,\n            \"public_url_shared\": false,\n            \"display_as_bot\": false,\n            \"username\": \"\",\n            \"url\": \"https:\\/\\/slack-files.com\\/files-pub\\/T02SWSRV4-F05299RV5-a081fde0db\\/fermeture_packaging_cartouche.jpg\",\n            \"url_download\": \"https:\\/\\/slack-files.com\\/files-pub\\/T02SWSRV4-F05299RV5-a081fde0db\\/download\\/fermeture_packaging_cartouche.jpg\",\n            \"url_private\": \"https:\\/\\/files.slack.com\\/files-pri\\/T02SWSRV4-F05299RV5\\/fermeture_packaging_cartouche.jpg\",\n            \"url_private_download\": \"https:\\/\\/files.slack.com\\/files-pri\\/T02SWSRV4-F05299RV5\\/download\\/fermeture_packaging_cartouche.jpg\",\n            \"thumb_64\": \"https:\\/\\/slack-files.com\\/files-tmb\\/T02SWSRV4-F05299RV5-5db98c3213\\/fermeture_packaging_cartouche_64.png\",\n            \"thumb_80\": \"https:\\/\\/slack-files.com\\/files-tmb\\/T02SWSRV4-F05299RV5-5db98c3213\\/fermeture_packaging_cartouche_80.png\",\n            \"thumb_360\": \"https:\\/\\/slack-files.com\\/files-tmb\\/T02SWSRV4-F05299RV5-5db98c3213\\/fermeture_packaging_cartouche_360.png\",\n            \"thumb_360_w\": 270,\n            \"thumb_360_h\": 360,\n            \"thumb_480\": \"https:\\/\\/slack-files.com\\/files-tmb\\/T02SWSRV4-F05299RV5-5db98c3213\\/fermeture_packaging_cartouche_480.png\",\n            \"thumb_480_w\": 360,\n            \"thumb_480_h\": 480,\n            \"thumb_160\": \"https:\\/\\/slack-files.com\\/files-tmb\\/T02SWSRV4-F05299RV5-5db98c3213\\/fermeture_packaging_cartouche_160.png\",\n            \"thumb_720\": \"https:\\/\\/slack-files.com\\/files-tmb\\/T02SWSRV4-F05299RV5-5db98c3213\\/fermeture_packaging_cartouche_720.png\",\n            \"thumb_720_w\": 540,\n            \"thumb_720_h\": 720,\n            \"thumb_960\": \"https:\\/\\/slack-files.com\\/files-tmb\\/T02SWSRV4-F05299RV5-5db98c3213\\/fermeture_packaging_cartouche_960.png\",\n            \"thumb_960_w\": 720,\n            \"thumb_960_h\": 960,\n            \"thumb_1024\": \"https:\\/\\/slack-files.com\\/files-tmb\\/T02SWSRV4-F05299RV5-5db98c3213\\/fermeture_packaging_cartouche_1024.png\",\n            \"thumb_1024_w\": 768,\n            \"thumb_1024_h\": 1024,\n            \"image_exif_rotation\": 1,\n            \"original_w\": 1224,\n            \"original_h\": 1632,\n            \"permalink\": \"https:\\/\\/smartven.slack.com\\/files\\/steve\\/F05299RV5\\/fermeture_packaging_cartouche.jpg\",\n            \"permalink_public\": \"https:\\/\\/slack-files.com\\/T02SWSRV4-F05299RV5-a081fde0db\",\n            \"channels\": [\n                \"C04V9JUJD\"\n            ],\n            \"groups\": [\n\n            ],\n            \"ims\": [\n\n            ],\n            \"comments_count\": 0\n        },\n        \"user\": \"U02SWSS00\",\n        \"upload\": true,\n        \"display_as_bot\": false,\n        \"username\": \"<@U02SWSS00|steve>\",\n        \"bot_id\": null,\n        \"ts\": \"1432649857.000019\"\n    },\n    {\n        \"type\": \"message\",\n        \"user\": \"U03H9A41N\",\n        \"text\": \"tu veux moins d\\u2019angle en fait ?\",\n        \"ts\": \"1432649951.000020\"\n    },\n    {\n        \"type\": \"message\",\n        \"user\": \"U02SWSS00\",\n        \"text\": \"yes\",\n        \"ts\": \"1432649978.000021\"\n    },\n    {\n        \"type\": \"message\",\n        \"user\": \"U02SWSS00\",\n        \"text\": \"je veux bien voir ce que \\u00e7a donne !\",\n        \"ts\": \"1432649990.000022\"\n    },\n    {\n        \"type\": \"message\",\n        \"user\": \"U03H9A41N\",\n        \"text\": \"parce que la t as bcp moins d\\u2019accroche du couvercle sur la partie verte presque pas en fait\",\n        \"ts\": \"1432650022.000023\"\n    },\n    {\n        \"type\": \"message\",\n        \"user\": \"U02SWSS00\",\n        \"text\": \"?\",\n        \"ts\": \"1432650034.000024\"\n    },\n    {\n        \"type\": \"message\",\n        \"user\": \"U03H9A41N\",\n        \"text\": \"sur le front tu remonte la partie blanche\",\n        \"ts\": \"1432650054.000025\"\n    },\n    {\n        \"type\": \"message\",\n        \"user\": \"U02SWSS00\",\n        \"text\": \"oui\",\n        \"ts\": \"1432650058.000026\"\n    },\n    {\n        \"type\": \"message\",\n        \"user\": \"U03H9A41N\",\n        \"text\": \"pour laisser 2 mm de vert\",\n        \"ts\": \"1432650062.000027\"\n    },\n    {\n        \"type\": \"message\",\n        \"user\": \"U02SWSS00\",\n        \"text\": \"un peu plus\",\n        \"ts\": \"1432650069.000028\"\n    },\n    {\n        \"type\": \"message\",\n        \"user\": \"U03H9A41N\",\n        \"text\": \"donc pas de surface d'appuie\",\n        \"ts\": \"1432650075.000029\"\n    },\n    {\n        \"type\": \"message\",\n        \"user\": \"U03H9A41N\",\n        \"text\": \"disons l\\u2019angle est a 45 toi tu verrais plus 30 ?\",\n        \"ts\": \"1432650097.000030\"\n    },\n    {\n        \"type\": \"message\",\n        \"user\": \"U02SWSS00\",\n        \"text\": \"en gros ce qui me derange le plus c\\u2019est la partie verte qui monte trop selon moi\",\n        \"ts\": \"1432650124.000031\"\n    },\n    {\n        \"type\": \"message\",\n        \"subtype\": \"file_share\",\n        \"text\": \"<@U03H9A41N|olivierkraff> uploaded a file: <https:\\/\\/smartven.slack.com\\/files\\/olivierkraff\\/F051MMVPC\\/capture_d_____cran_2015-05-26____16.21.59.png|Capture d\\u2019\\u00e9cran 2015-05-26 \\u00e0 16.21.59.png>\",\n        \"file\": {\n            \"id\": \"F051MMVPC\",\n            \"created\": 1432650133,\n            \"timestamp\": 1432650133,\n            \"name\": \"Capture d\\u2019\\u00e9cran 2015-05-26 \\u00e0 16.21.59.png\",\n            \"title\": \"Capture d\\u2019\\u00e9cran 2015-05-26 \\u00e0 16.21.59.png\",\n            \"mimetype\": \"image\\/png\",\n            \"filetype\": \"png\",\n            \"pretty_type\": \"PNG\",\n            \"user\": \"U03H9A41N\",\n            \"editable\": false,\n            \"size\": 21292,\n            \"mode\": \"hosted\",\n            \"is_external\": false,\n            \"external_type\": \"\",\n            \"is_public\": true,\n            \"public_url_shared\": false,\n            \"display_as_bot\": false,\n            \"username\": \"\",\n            \"url\": \"https:\\/\\/slack-files.com\\/files-pub\\/T02SWSRV4-F051MMVPC-c129e8eb83\\/capture_d_____cran_2015-05-26____16.21.59.png\",\n            \"url_download\": \"https:\\/\\/slack-files.com\\/files-pub\\/T02SWSRV4-F051MMVPC-c129e8eb83\\/download\\/capture_d_____cran_2015-05-26____16.21.59.png\",\n            \"url_private\": \"https:\\/\\/files.slack.com\\/files-pri\\/T02SWSRV4-F051MMVPC\\/capture_d_____cran_2015-05-26____16.21.59.png\",\n            \"url_private_download\": \"https:\\/\\/files.slack.com\\/files-pri\\/T02SWSRV4-F051MMVPC\\/download\\/capture_d_____cran_2015-05-26____16.21.59.png\",\n            \"thumb_64\": \"https:\\/\\/slack-files.com\\/files-tmb\\/T02SWSRV4-F051MMVPC-3e82dfbc56\\/capture_d_____cran_2015-05-26____16.21.59_64.png\",\n            \"thumb_80\": \"https:\\/\\/slack-files.com\\/files-tmb\\/T02SWSRV4-F051MMVPC-3e82dfbc56\\/capture_d_____cran_2015-05-26____16.21.59_80.png\",\n            \"thumb_360\": \"https:\\/\\/slack-files.com\\/files-tmb\\/T02SWSRV4-F051MMVPC-3e82dfbc56\\/capture_d_____cran_2015-05-26____16.21.59_360.png\",\n            \"thumb_360_w\": 238,\n            \"thumb_360_h\": 360,\n            \"thumb_160\": \"https:\\/\\/slack-files.com\\/files-tmb\\/T02SWSRV4-F051MMVPC-3e82dfbc56\\/capture_d_____cran_2015-05-26____16.21.59_160.png\",\n            \"image_exif_rotation\": 1,\n            \"original_w\": 281,\n            \"original_h\": 425,\n            \"permalink\": \"https:\\/\\/smartven.slack.com\\/files\\/olivierkraff\\/F051MMVPC\\/capture_d_____cran_2015-05-26____16.21.59.png\",\n            \"permalink_public\": \"https:\\/\\/slack-files.com\\/T02SWSRV4-F051MMVPC-c129e8eb83\",\n            \"channels\": [\n                \"C04V9JUJD\"\n            ],\n            \"groups\": [\n\n            ],\n            \"ims\": [\n\n            ],\n            \"comments_count\": 0\n        },\n        \"user\": \"U03H9A41N\",\n        \"upload\": true,\n        \"display_as_bot\": false,\n        \"username\": \"<@U03H9A41N|olivierkraff>\",\n        \"bot_id\": null,\n        \"ts\": \"1432650135.000032\"\n    },\n    {\n        \"type\": \"message\",\n        \"user\": \"U03H9A41N\",\n        \"text\": \"c\\u2019est cette angle qu\\u2019il faut changer\",\n        \"ts\": \"1432650156.000033\"\n    },\n    {\n        \"type\": \"message\",\n        \"user\": \"U02SWSS00\",\n        \"text\": \"oui\",\n        \"ts\": \"1432650163.000034\"\n    },\n    {\n        \"type\": \"message\",\n        \"user\": \"U02SWSS00\",\n        \"text\": \"legerement\",\n        \"ts\": \"1432650165.000035\"\n    },\n    {\n        \"type\": \"message\",\n        \"user\": \"U02SWSS00\",\n        \"text\": \"de 15\\u00b0\",\n        \"ts\": \"1432650171.000036\"\n    },\n    {\n        \"type\": \"message\",\n        \"user\": \"U02SWSS00\",\n        \"text\": \"probablement\",\n        \"ts\": \"1432650173.000037\"\n    },\n    {\n        \"type\": \"message\",\n        \"user\": \"U02SWSS00\",\n        \"text\": \"et changer la forme de l\\u2019element interieur vert\",\n        \"ts\": \"1432650186.000038\"\n    },\n    {\n        \"type\": \"message\",\n        \"user\": \"U02SWSS00\",\n        \"text\": \"qui est trop \\u201canguleux\\u201d sur la partie la plus haute\",\n        \"ts\": \"1432650200.000039\"\n    },\n    {\n        \"type\": \"message\",\n        \"user\": \"U02SWSS00\",\n        \"text\": \"probablement arrondir les traits comme pour paquet de clopes\",\n        \"ts\": \"1432650210.000040\"\n    },\n    {\n        \"type\": \"message\",\n        \"user\": \"U02SWSS00\",\n        \"text\": \"wdyt?\",\n        \"ts\": \"1432650214.000041\"\n    },\n    {\n        \"type\": \"message\",\n        \"user\": \"U03H9A41N\",\n        \"text\": \"j\\u2019aime bien\",\n        \"ts\": \"1432650227.000042\"\n    },\n    {\n        \"type\": \"message\",\n        \"user\": \"U03H9A41N\",\n        \"text\": \"mais j\\u2019aimerais faire un tout petit twist :wink:\",\n        \"ts\": \"1432650238.000043\"\n    },\n    {\n        \"type\": \"message\",\n        \"user\": \"U03H9A41N\",\n        \"text\": \"pas faire un paquet de clopes quoi :simple_smile:\",\n        \"ts\": \"1432650248.000044\"\n    },\n    {\n        \"type\": \"message\",\n        \"user\": \"U03H9A41N\",\n        \"text\": \"let me try\",\n        \"ts\": \"1432650252.000045\"\n    },\n    {\n        \"type\": \"message\",\n        \"user\": \"U03H9A41N\",\n        \"text\": \"btw les paquet de clopes la partie verte a que 3 faces\",\n        \"ts\": \"1432650298.000046\"\n    },\n    {\n        \"type\": \"message\",\n        \"user\": \"U03H9A41N\",\n        \"text\": \"pas au back tu as vu ?\",\n        \"ts\": \"1432650304.000047\"\n    },\n    {\n        \"type\": \"message\",\n        \"user\": \"U02SWSS00\",\n        \"text\": \"yes\",\n        \"ts\": \"1432650314.000048\"\n    },\n    {\n        \"type\": \"message\",\n        \"subtype\": \"file_share\",\n        \"text\": \"<@U03H9A41N|olivierkraff> uploaded a file: <https:\\/\\/smartven.slack.com\\/files\\/olivierkraff\\/F0529H2FB\\/capture_d_____cran_2015-05-26____16.30.55.png|Capture d\\u2019\\u00e9cran 2015-05-26 \\u00e0 16.30.55.png>\",\n        \"file\": {\n            \"id\": \"F0529H2FB\",\n            \"created\": 1432650684,\n            \"timestamp\": 1432650684,\n            \"name\": \"Capture d\\u2019\\u00e9cran 2015-05-26 \\u00e0 16.30.55.png\",\n            \"title\": \"Capture d\\u2019\\u00e9cran 2015-05-26 \\u00e0 16.30.55.png\",\n            \"mimetype\": \"image\\/png\",\n            \"filetype\": \"png\",\n            \"pretty_type\": \"PNG\",\n            \"user\": \"U03H9A41N\",\n            \"editable\": false,\n            \"size\": 124458,\n            \"mode\": \"hosted\",\n            \"is_external\": false,\n            \"external_type\": \"\",\n            \"is_public\": true,\n            \"public_url_shared\": false,\n            \"display_as_bot\": false,\n            \"username\": \"\",\n            \"url\": \"https:\\/\\/slack-files.com\\/files-pub\\/T02SWSRV4-F0529H2FB-c050372d83\\/capture_d_____cran_2015-05-26____16.30.55.png\",\n            \"url_download\": \"https:\\/\\/slack-files.com\\/files-pub\\/T02SWSRV4-F0529H2FB-c050372d83\\/download\\/capture_d_____cran_2015-05-26____16.30.55.png\",\n            \"url_private\": \"https:\\/\\/files.slack.com\\/files-pri\\/T02SWSRV4-F0529H2FB\\/capture_d_____cran_2015-05-26____16.30.55.png\",\n            \"url_private_download\": \"https:\\/\\/files.slack.com\\/files-pri\\/T02SWSRV4-F0529H2FB\\/download\\/capture_d_____cran_2015-05-26____16.30.55.png\",\n            \"thumb_64\": \"https:\\/\\/slack-files.com\\/files-tmb\\/T02SWSRV4-F0529H2FB-13715b7612\\/capture_d_____cran_2015-05-26____16.30.55_64.png\",\n            \"thumb_80\": \"https:\\/\\/slack-files.com\\/files-tmb\\/T02SWSRV4-F0529H2FB-13715b7612\\/capture_d_____cran_2015-05-26____16.30.55_80.png\",\n            \"thumb_360\": \"https:\\/\\/slack-files.com\\/files-tmb\\/T02SWSRV4-F0529H2FB-13715b7612\\/capture_d_____cran_2015-05-26____16.30.55_360.png\",\n            \"thumb_360_w\": 295,\n            \"thumb_360_h\": 360,\n            \"thumb_480\": \"https:\\/\\/slack-files.com\\/files-tmb\\/T02SWSRV4-F0529H2FB-13715b7612\\/capture_d_____cran_2015-05-26____16.30.55_480.png\",\n            \"thumb_480_w\": 393,\n            \"thumb_480_h\": 480,\n            \"thumb_160\": \"https:\\/\\/slack-files.com\\/files-tmb\\/T02SWSRV4-F0529H2FB-13715b7612\\/capture_d_____cran_2015-05-26____16.30.55_160.png\",\n            \"image_exif_rotation\": 1,\n            \"original_w\": 562,\n            \"original_h\": 686,\n            \"permalink\": \"https:\\/\\/smartven.slack.com\\/files\\/olivierkraff\\/F0529H2FB\\/capture_d_____cran_2015-05-26____16.30.55.png\",\n            \"permalink_public\": \"https:\\/\\/slack-files.com\\/T02SWSRV4-F0529H2FB-c050372d83\",\n            \"channels\": [\n                \"C04V9JUJD\"\n            ],\n            \"groups\": [\n\n            ],\n            \"ims\": [\n\n            ],\n            \"comments_count\": 0\n        },\n        \"user\": \"U03H9A41N\",\n        \"upload\": true,\n        \"display_as_bot\": false,\n        \"username\": \"<@U03H9A41N|olivierkraff>\",\n        \"bot_id\": null,\n        \"ts\": \"1432650687.000049\"\n    },\n    {\n        \"type\": \"message\",\n        \"subtype\": \"file_share\",\n        \"text\": \"<@U03H9A41N|olivierkraff> uploaded a file: <https:\\/\\/smartven.slack.com\\/files\\/olivierkraff\\/F0529H3P1\\/capture_d_____cran_2015-05-26____16.31.07.png|Capture d\\u2019\\u00e9cran 2015-05-26 \\u00e0 16.31.07.png>\",\n        \"file\": {\n            \"id\": \"F0529H3P1\",\n            \"created\": 1432650687,\n            \"timestamp\": 1432650687,\n            \"name\": \"Capture d\\u2019\\u00e9cran 2015-05-26 \\u00e0 16.31.07.png\",\n            \"title\": \"Capture d\\u2019\\u00e9cran 2015-05-26 \\u00e0 16.31.07.png\",\n            \"mimetype\": \"image\\/png\",\n            \"filetype\": \"png\",\n            \"pretty_type\": \"PNG\",\n            \"user\": \"U03H9A41N\",\n            \"editable\": false,\n            \"size\": 40387,\n            \"mode\": \"hosted\",\n            \"is_external\": false,\n            \"external_type\": \"\",\n            \"is_public\": true,\n            \"public_url_shared\": false,\n            \"display_as_bot\": false,\n            \"username\": \"\",\n            \"url\": \"https:\\/\\/slack-files.com\\/files-pub\\/T02SWSRV4-F0529H3P1-d058934449\\/capture_d_____cran_2015-05-26____16.31.07.png\",\n            \"url_download\": \"https:\\/\\/slack-files.com\\/files-pub\\/T02SWSRV4-F0529H3P1-d058934449\\/download\\/capture_d_____cran_2015-05-26____16.31.07.png\",\n            \"url_private\": \"https:\\/\\/files.slack.com\\/files-pri\\/T02SWSRV4-F0529H3P1\\/capture_d_____cran_2015-05-26____16.31.07.png\",\n            \"url_private_download\": \"https:\\/\\/files.slack.com\\/files-pri\\/T02SWSRV4-F0529H3P1\\/download\\/capture_d_____cran_2015-05-26____16.31.07.png\",\n            \"thumb_64\": \"https:\\/\\/slack-files.com\\/files-tmb\\/T02SWSRV4-F0529H3P1-cb9274079c\\/capture_d_____cran_2015-05-26____16.31.07_64.png\",\n            \"thumb_80\": \"https:\\/\\/slack-files.com\\/files-tmb\\/T02SWSRV4-F0529H3P1-cb9274079c\\/capture_d_____cran_2015-05-26____16.31.07_80.png\",\n            \"thumb_360\": \"https:\\/\\/slack-files.com\\/files-tmb\\/T02SWSRV4-F0529H3P1-cb9274079c\\/capture_d_____cran_2015-05-26____16.31.07_360.png\",\n            \"thumb_360_w\": 310,\n            \"thumb_360_h\": 360,\n            \"thumb_480\": \"https:\\/\\/slack-files.com\\/files-tmb\\/T02SWSRV4-F0529H3P1-cb9274079c\\/capture_d_____cran_2015-05-26____16.31.07_480.png\",\n            \"thumb_480_w\": 414,\n            \"thumb_480_h\": 480,\n            \"thumb_160\": \"https:\\/\\/slack-files.com\\/files-tmb\\/T02SWSRV4-F0529H3P1-cb9274079c\\/capture_d_____cran_2015-05-26____16.31.07_160.png\",\n            \"image_exif_rotation\": 1,\n            \"original_w\": 589,\n            \"original_h\": 683,\n            \"permalink\": \"https:\\/\\/smartven.slack.com\\/files\\/olivierkraff\\/F0529H3P1\\/capture_d_____cran_2015-05-26____16.31.07.png\",\n            \"permalink_public\": \"https:\\/\\/slack-files.com\\/T02SWSRV4-F0529H3P1-d058934449\",\n            \"channels\": [\n                \"C04V9JUJD\"\n            ],\n            \"groups\": [\n\n            ],\n            \"ims\": [\n\n            ],\n            \"comments_count\": 0\n        },\n        \"user\": \"U03H9A41N\",\n        \"upload\": true,\n        \"display_as_bot\": false,\n        \"username\": \"<@U03H9A41N|olivierkraff>\",\n        \"bot_id\": null,\n        \"ts\": \"1432650691.000050\"\n    },\n    {\n        \"type\": \"message\",\n        \"user\": \"U03H9A41N\",\n        \"text\": \"c \\u2018est pas vraiment ca\",\n        \"ts\": \"1432650693.000051\"\n    },\n    {\n        \"type\": \"message\",\n        \"user\": \"U03H9A41N\",\n        \"text\": \"c\\u2019est juste que je dois faire la hauteur du top bcp plus plate\",\n        \"ts\": \"1432650725.000052\"\n    },\n    {\n        \"type\": \"message\",\n        \"user\": \"U03H9A41N\",\n        \"text\": \"comme un paquet de clopes...\",\n        \"ts\": \"1432650733.000053\"\n    },\n    {\n        \"type\": \"message\",\n        \"user\": \"U03H9A41N\",\n        \"text\": \":simple_smile:\",\n        \"ts\": \"1432650733.000054\"\n    },\n    {\n        \"type\": \"message\",\n        \"user\": \"U02SWSS00\",\n        \"text\": \"...\",\n        \"ts\": \"1432650819.000055\"\n    },\n    {\n        \"type\": \"message\",\n        \"user\": \"U02SWSS00\",\n        \"text\": \"suis d'accord\",\n        \"ts\": \"1432650823.000056\"\n    },\n    {\n        \"type\": \"message\",\n        \"user\": \"U03H9A41N\",\n        \"text\": \"t as un paquet et une regle ?\",\n        \"ts\": \"1432650872.000057\"\n    },\n    {\n        \"type\": \"message\",\n        \"user\": \"U02SWSS00\",\n        \"text\": \"franchement ce qui compte c\\u2019est que la boite s\\u2019ouvre\\/se ferme, qu\\u2019elle soit homog\\u00e8ne visuellement et que le graphisme soit cool et beau. Donc c\\u2019est pas une trag\\u00e9die de s\\u2019insipirer d\\u2019un paquet de clope sur la partie fermoir\",\n        \"ts\": \"1432650873.000058\"\n    },\n    {\n        \"type\": \"message\",\n        \"user\": \"U02SWSS00\",\n        \"text\": \"non\",\n        \"ts\": \"1432650876.000059\"\n    },\n    {\n        \"type\": \"message\",\n        \"user\": \"U03H9A41N\",\n        \"text\": \"j ai juste un paquet :simple_smile:\",\n        \"ts\": \"1432650877.000060\"\n    },\n    {\n        \"type\": \"message\",\n        \"user\": \"U02SWSS00\",\n        \"text\": \"fume plus :disappointed: donc pas de paquet !\",\n        \"ts\": \"1432650893.000061\"\n    },\n    {\n        \"type\": \"message\",\n        \"user\": \"U03H9A41N\",\n        \"text\": \"ce qui compte :simple_smile:\",\n        \"ts\": \"1432650901.000062\"\n    },\n    {\n        \"type\": \"message\",\n        \"user\": \"U03H9A41N\",\n        \"text\": \"oui tu viens de dire tout les elements\",\n        \"ts\": \"1432650910.000063\"\n    },\n    {\n        \"type\": \"message\",\n        \"user\": \"U03H9A41N\",\n        \"text\": \"tout ca compte evidement\",\n        \"ts\": \"1432650921.000064\"\n    },\n    {\n        \"type\": \"message\",\n        \"user\": \"U03H9A41N\",\n        \"text\": \"homogene visuellement le capuchon en square avec le io dessus c\\u2019etait top\",\n        \"ts\": \"1432650944.000065\"\n    },\n    {\n        \"type\": \"message\",\n        \"user\": \"U03H9A41N\",\n        \"text\": \"la on va mettre du coup le logo en tout lettre en long ca va etre bcp moins cool\",\n        \"ts\": \"1432650973.000066\"\n    },\n    {\n        \"type\": \"message\",\n        \"user\": \"U03H9A41N\",\n        \"text\": \"j essaye on verra\",\n        \"ts\": \"1432650984.000067\"\n    },\n    {\n        \"type\": \"message\",\n        \"user\": \"U02SWSS00\",\n        \"text\": \"yes - il nous faut une bonne base comme pour les renders des clopes et ensuite on brainstorme \\/ on avance\",\n        \"ts\": \"1432651010.000068\"\n    },\n    {\n        \"type\": \"message\",\n        \"subtype\": \"file_share\",\n        \"text\": \"<@U03H9A41N|olivierkraff> uploaded a file: <https:\\/\\/smartven.slack.com\\/files\\/olivierkraff\\/F0529R3M3\\/capture_d_____cran_2015-05-26____16.43.38.png|Capture d\\u2019\\u00e9cran 2015-05-26 \\u00e0 16.43.38.png>\",\n        \"file\": {\n            \"id\": \"F0529R3M3\",\n            \"created\": 1432651648,\n            \"timestamp\": 1432651648,\n            \"name\": \"Capture d\\u2019\\u00e9cran 2015-05-26 \\u00e0 16.43.38.png\",\n            \"title\": \"Capture d\\u2019\\u00e9cran 2015-05-26 \\u00e0 16.43.38.png\",\n            \"mimetype\": \"image\\/png\",\n            \"filetype\": \"png\",\n            \"pretty_type\": \"PNG\",\n            \"user\": \"U03H9A41N\",\n            \"editable\": false,\n            \"size\": 1106390,\n            \"mode\": \"hosted\",\n            \"is_external\": false,\n            \"external_type\": \"\",\n            \"is_public\": true,\n            \"public_url_shared\": false,\n            \"display_as_bot\": false,\n            \"username\": \"\",\n            \"url\": \"https:\\/\\/slack-files.com\\/files-pub\\/T02SWSRV4-F0529R3M3-9bc332f643\\/capture_d_____cran_2015-05-26____16.43.38.png\",\n            \"url_download\": \"https:\\/\\/slack-files.com\\/files-pub\\/T02SWSRV4-F0529R3M3-9bc332f643\\/download\\/capture_d_____cran_2015-05-26____16.43.38.png\",\n            \"url_private\": \"https:\\/\\/files.slack.com\\/files-pri\\/T02SWSRV4-F0529R3M3\\/capture_d_____cran_2015-05-26____16.43.38.png\",\n            \"url_private_download\": \"https:\\/\\/files.slack.com\\/files-pri\\/T02SWSRV4-F0529R3M3\\/download\\/capture_d_____cran_2015-05-26____16.43.38.png\",\n            \"thumb_64\": \"https:\\/\\/slack-files.com\\/files-tmb\\/T02SWSRV4-F0529R3M3-1937e37896\\/capture_d_____cran_2015-05-26____16.43.38_64.png\",\n            \"thumb_80\": \"https:\\/\\/slack-files.com\\/files-tmb\\/T02SWSRV4-F0529R3M3-1937e37896\\/capture_d_____cran_2015-05-26____16.43.38_80.png\",\n            \"thumb_360\": \"https:\\/\\/slack-files.com\\/files-tmb\\/T02SWSRV4-F0529R3M3-1937e37896\\/capture_d_____cran_2015-05-26____16.43.38_360.png\",\n            \"thumb_360_w\": 360,\n            \"thumb_360_h\": 203,\n            \"thumb_480\": \"https:\\/\\/slack-files.com\\/files-tmb\\/T02SWSRV4-F0529R3M3-1937e37896\\/capture_d_____cran_2015-05-26____16.43.38_480.png\",\n            \"thumb_480_w\": 480,\n            \"thumb_480_h\": 271,\n            \"thumb_160\": \"https:\\/\\/slack-files.com\\/files-tmb\\/T02SWSRV4-F0529R3M3-1937e37896\\/capture_d_____cran_2015-05-26____16.43.38_160.png\",\n            \"thumb_720\": \"https:\\/\\/slack-files.com\\/files-tmb\\/T02SWSRV4-F0529R3M3-1937e37896\\/capture_d_____cran_2015-05-26____16.43.38_720.png\",\n            \"thumb_720_w\": 720,\n            \"thumb_720_h\": 407,\n            \"thumb_960\": \"https:\\/\\/slack-files.com\\/files-tmb\\/T02SWSRV4-F0529R3M3-1937e37896\\/capture_d_____cran_2015-05-26____16.43.38_960.png\",\n            \"thumb_960_w\": 960,\n            \"thumb_960_h\": 542,\n            \"thumb_1024\": \"https:\\/\\/slack-files.com\\/files-tmb\\/T02SWSRV4-F0529R3M3-1937e37896\\/capture_d_____cran_2015-05-26____16.43.38_1024.png\",\n            \"thumb_1024_w\": 1024,\n            \"thumb_1024_h\": 578,\n            \"image_exif_rotation\": 1,\n            \"original_w\": 1225,\n            \"original_h\": 692,\n            \"permalink\": \"https:\\/\\/smartven.slack.com\\/files\\/olivierkraff\\/F0529R3M3\\/capture_d_____cran_2015-05-26____16.43.38.png\",\n            \"permalink_public\": \"https:\\/\\/slack-files.com\\/T02SWSRV4-F0529R3M3-9bc332f643\",\n            \"channels\": [\n                \"C04V9JUJD\"\n            ],\n            \"groups\": [\n\n            ],\n            \"ims\": [\n\n            ],\n            \"comments_count\": 0\n        },\n        \"user\": \"U03H9A41N\",\n        \"upload\": true,\n        \"display_as_bot\": false,\n        \"username\": \"<@U03H9A41N|olivierkraff>\",\n        \"bot_id\": null,\n        \"ts\": \"1432651658.000069\"\n    },\n    {\n        \"type\": \"message\",\n        \"subtype\": \"file_share\",\n        \"text\": \"<@U03H9A41N|olivierkraff> uploaded a file: <https:\\/\\/smartven.slack.com\\/files\\/olivierkraff\\/F0529R765\\/capture_d_____cran_2015-05-26____16.45.04.png|Capture d\\u2019\\u00e9cran 2015-05-26 \\u00e0 16.45.04.png>\",\n        \"file\": {\n            \"id\": \"F0529R765\",\n            \"created\": 1432651659,\n            \"timestamp\": 1432651659,\n            \"name\": \"Capture d\\u2019\\u00e9cran 2015-05-26 \\u00e0 16.45.04.png\",\n            \"title\": \"Capture d\\u2019\\u00e9cran 2015-05-26 \\u00e0 16.45.04.png\",\n            \"mimetype\": \"image\\/png\",\n            \"filetype\": \"png\",\n            \"pretty_type\": \"PNG\",\n            \"user\": \"U03H9A41N\",\n            \"editable\": false,\n            \"size\": 1110844,\n            \"mode\": \"hosted\",\n            \"is_external\": false,\n            \"external_type\": \"\",\n            \"is_public\": true,\n            \"public_url_shared\": false,\n            \"display_as_bot\": false,\n            \"username\": \"\",\n            \"url\": \"https:\\/\\/slack-files.com\\/files-pub\\/T02SWSRV4-F0529R765-b27c8c049e\\/capture_d_____cran_2015-05-26____16.45.04.png\",\n            \"url_download\": \"https:\\/\\/slack-files.com\\/files-pub\\/T02SWSRV4-F0529R765-b27c8c049e\\/download\\/capture_d_____cran_2015-05-26____16.45.04.png\",\n            \"url_private\": \"https:\\/\\/files.slack.com\\/files-pri\\/T02SWSRV4-F0529R765\\/capture_d_____cran_2015-05-26____16.45.04.png\",\n            \"url_private_download\": \"https:\\/\\/files.slack.com\\/files-pri\\/T02SWSRV4-F0529R765\\/download\\/capture_d_____cran_2015-05-26____16.45.04.png\",\n            \"thumb_64\": \"https:\\/\\/slack-files.com\\/files-tmb\\/T02SWSRV4-F0529R765-f7cb858ba2\\/capture_d_____cran_2015-05-26____16.45.04_64.png\",\n            \"thumb_80\": \"https:\\/\\/slack-files.com\\/files-tmb\\/T02SWSRV4-F0529R765-f7cb858ba2\\/capture_d_____cran_2015-05-26____16.45.04_80.png\",\n            \"thumb_360\": \"https:\\/\\/slack-files.com\\/files-tmb\\/T02SWSRV4-F0529R765-f7cb858ba2\\/capture_d_____cran_2015-05-26____16.45.04_360.png\",\n            \"thumb_360_w\": 360,\n            \"thumb_360_h\": 203,\n            \"thumb_480\": \"https:\\/\\/slack-files.com\\/files-tmb\\/T02SWSRV4-F0529R765-f7cb858ba2\\/capture_d_____cran_2015-05-26____16.45.04_480.png\",\n            \"thumb_480_w\": 480,\n            \"thumb_480_h\": 270,\n            \"thumb_160\": \"https:\\/\\/slack-files.com\\/files-tmb\\/T02SWSRV4-F0529R765-f7cb858ba2\\/capture_d_____cran_2015-05-26____16.45.04_160.png\",\n            \"thumb_720\": \"https:\\/\\/slack-files.com\\/files-tmb\\/T02SWSRV4-F0529R765-f7cb858ba2\\/capture_d_____cran_2015-05-26____16.45.04_720.png\",\n            \"thumb_720_w\": 720,\n            \"thumb_720_h\": 405,\n            \"thumb_960\": \"https:\\/\\/slack-files.com\\/files-tmb\\/T02SWSRV4-F0529R765-f7cb858ba2\\/capture_d_____cran_2015-05-26____16.45.04_960.png\",\n            \"thumb_960_w\": 960,\n            \"thumb_960_h\": 540,\n            \"thumb_1024\": \"https:\\/\\/slack-files.com\\/files-tmb\\/T02SWSRV4-F0529R765-f7cb858ba2\\/capture_d_____cran_2015-05-26____16.45.04_1024.png\",\n            \"thumb_1024_w\": 1024,\n            \"thumb_1024_h\": 576,\n            \"image_exif_rotation\": 1,\n            \"original_w\": 1224,\n            \"original_h\": 689,\n            \"permalink\": \"https:\\/\\/smartven.slack.com\\/files\\/olivierkraff\\/F0529R765\\/capture_d_____cran_2015-05-26____16.45.04.png\",\n            \"permalink_public\": \"https:\\/\\/slack-files.com\\/T02SWSRV4-F0529R765-b27c8c049e\",\n            \"channels\": [\n                \"C04V9JUJD\"\n            ],\n            \"groups\": [\n\n            ],\n            \"ims\": [\n\n            ],\n            \"comments_count\": 0\n        },\n        \"user\": \"U03H9A41N\",\n        \"upload\": true,\n        \"display_as_bot\": false,\n        \"username\": \"<@U03H9A41N|olivierkraff>\",\n        \"bot_id\": null,\n        \"ts\": \"1432651667.000070\"\n    },\n    {\n        \"type\": \"message\",\n        \"subtype\": \"file_share\",\n        \"text\": \"<@U03H9A41N|olivierkraff> uploaded a file: <https:\\/\\/smartven.slack.com\\/files\\/olivierkraff\\/F051N58GG\\/capture_d_____cran_2015-05-26____16.47.11.png|Capture d\\u2019\\u00e9cran 2015-05-26 \\u00e0 16.47.11.png>\",\n        \"file\": {\n            \"id\": \"F051N58GG\",\n            \"created\": 1432651669,\n            \"timestamp\": 1432651669,\n            \"name\": \"Capture d\\u2019\\u00e9cran 2015-05-26 \\u00e0 16.47.11.png\",\n            \"title\": \"Capture d\\u2019\\u00e9cran 2015-05-26 \\u00e0 16.47.11.png\",\n            \"mimetype\": \"image\\/png\",\n            \"filetype\": \"png\",\n            \"pretty_type\": \"PNG\",\n            \"user\": \"U03H9A41N\",\n            \"editable\": false,\n            \"size\": 1123172,\n            \"mode\": \"hosted\",\n            \"is_external\": false,\n            \"external_type\": \"\",\n            \"is_public\": true,\n            \"public_url_shared\": false,\n            \"display_as_bot\": false,\n            \"username\": \"\",\n            \"url\": \"https:\\/\\/slack-files.com\\/files-pub\\/T02SWSRV4-F051N58GG-24124879e3\\/capture_d_____cran_2015-05-26____16.47.11.png\",\n            \"url_download\": \"https:\\/\\/slack-files.com\\/files-pub\\/T02SWSRV4-F051N58GG-24124879e3\\/download\\/capture_d_____cran_2015-05-26____16.47.11.png\",\n            \"url_private\": \"https:\\/\\/files.slack.com\\/files-pri\\/T02SWSRV4-F051N58GG\\/capture_d_____cran_2015-05-26____16.47.11.png\",\n            \"url_private_download\": \"https:\\/\\/files.slack.com\\/files-pri\\/T02SWSRV4-F051N58GG\\/download\\/capture_d_____cran_2015-05-26____16.47.11.png\",\n            \"thumb_64\": \"https:\\/\\/slack-files.com\\/files-tmb\\/T02SWSRV4-F051N58GG-d1a4e7df7f\\/capture_d_____cran_2015-05-26____16.47.11_64.png\",\n            \"thumb_80\": \"https:\\/\\/slack-files.com\\/files-tmb\\/T02SWSRV4-F051N58GG-d1a4e7df7f\\/capture_d_____cran_2015-05-26____16.47.11_80.png\",\n            \"thumb_360\": \"https:\\/\\/slack-files.com\\/files-tmb\\/T02SWSRV4-F051N58GG-d1a4e7df7f\\/capture_d_____cran_2015-05-26____16.47.11_360.png\",\n            \"thumb_360_w\": 360,\n            \"thumb_360_h\": 202,\n            \"thumb_480\": \"https:\\/\\/slack-files.com\\/files-tmb\\/T02SWSRV4-F051N58GG-d1a4e7df7f\\/capture_d_____cran_2015-05-26____16.47.11_480.png\",\n            \"thumb_480_w\": 480,\n            \"thumb_480_h\": 269,\n            \"thumb_160\": \"https:\\/\\/slack-files.com\\/files-tmb\\/T02SWSRV4-F051N58GG-d1a4e7df7f\\/capture_d_____cran_2015-05-26____16.47.11_160.png\",\n            \"thumb_720\": \"https:\\/\\/slack-files.com\\/files-tmb\\/T02SWSRV4-F051N58GG-d1a4e7df7f\\/capture_d_____cran_2015-05-26____16.47.11_720.png\",\n            \"thumb_720_w\": 720,\n            \"thumb_720_h\": 404,\n            \"thumb_960\": \"https:\\/\\/slack-files.com\\/files-tmb\\/T02SWSRV4-F051N58GG-d1a4e7df7f\\/capture_d_____cran_2015-05-26____16.47.11_960.png\",\n            \"thumb_960_w\": 960,\n            \"thumb_960_h\": 539,\n            \"thumb_1024\": \"https:\\/\\/slack-files.com\\/files-tmb\\/T02SWSRV4-F051N58GG-d1a4e7df7f\\/capture_d_____cran_2015-05-26____16.47.11_1024.png\",\n            \"thumb_1024_w\": 1024,\n            \"thumb_1024_h\": 575,\n            \"image_exif_rotation\": 1,\n            \"original_w\": 1229,\n            \"original_h\": 690,\n            \"permalink\": \"https:\\/\\/smartven.slack.com\\/files\\/olivierkraff\\/F051N58GG\\/capture_d_____cran_2015-05-26____16.47.11.png\",\n            \"permalink_public\": \"https:\\/\\/slack-files.com\\/T02SWSRV4-F051N58GG-24124879e3\",\n            \"channels\": [\n                \"C04V9JUJD\"\n            ],\n            \"groups\": [\n\n            ],\n            \"ims\": [\n\n            ],\n            \"comments_count\": 0\n        },\n        \"user\": \"U03H9A41N\",\n        \"upload\": true,\n        \"display_as_bot\": false,\n        \"username\": \"<@U03H9A41N|olivierkraff>\",\n        \"bot_id\": null,\n        \"ts\": \"1432651676.000071\"\n    },\n    {\n        \"type\": \"message\",\n        \"user\": \"U03H9A41N\",\n        \"text\": \"je capte pas comment ils font monter les partie top verte jusqu\\u2019au top du capuchon\",\n        \"ts\": \"1432651832.000072\"\n    },\n    {\n        \"type\": \"message\",\n        \"user\": \"U03H9A41N\",\n        \"text\": \"sans que ca bloque\",\n        \"ts\": \"1432651842.000073\"\n    },\n    {\n        \"type\": \"message\",\n        \"user\": \"U02SWSS00\",\n        \"text\": \"j\\u2019aime bien le 2e\",\n        \"ts\": \"1432651929.000074\"\n    },\n    {\n        \"type\": \"message\",\n        \"user\": \"U03H9A41N\",\n        \"text\": \"tu crois que le top va bien tenir ferm\\u00e9 dessus\",\n        \"ts\": \"1432652035.000075\"\n    },\n    {\n        \"type\": \"message\",\n        \"user\": \"U02SWSS00\",\n        \"text\": \"je ne sais pas - et on ne saura qu\\u2019en faisant des tests donc je propose qu\\u2019on avance sur le reste et qu\\u2019on revienne au m\\u00e9canisme de fermeture plus tard. wdyt?\",\n        \"ts\": \"1432652092.000076\"\n    },\n    {\n        \"type\": \"message\",\n        \"user\": \"U02SWSS00\",\n        \"text\": \"ca depend beaucoup du carton, de la tension et de l'\\u00e9paisseur\",\n        \"ts\": \"1432652128.000077\"\n    },\n    {\n        \"type\": \"message\",\n        \"user\": \"U02SWSS00\",\n        \"text\": \"donc \\u00e0 suivre\",\n        \"ts\": \"1432652131.000078\"\n    },\n    {\n        \"type\": \"message\",\n        \"subtype\": \"file_share\",\n        \"text\": \"<@U03H9A41N|olivierkraff> uploaded a file: <https:\\/\\/smartven.slack.com\\/files\\/olivierkraff\\/F051N9PF2\\/capture_d_____cran_2015-05-26____16.55.47.png|Capture d\\u2019\\u00e9cran 2015-05-26 \\u00e0 16.55.47.png>\",\n        \"file\": {\n            \"id\": \"F051N9PF2\",\n            \"created\": 1432652163,\n            \"timestamp\": 1432652163,\n            \"name\": \"Capture d\\u2019\\u00e9cran 2015-05-26 \\u00e0 16.55.47.png\",\n            \"title\": \"Capture d\\u2019\\u00e9cran 2015-05-26 \\u00e0 16.55.47.png\",\n            \"mimetype\": \"image\\/png\",\n            \"filetype\": \"png\",\n            \"pretty_type\": \"PNG\",\n            \"user\": \"U03H9A41N\",\n            \"editable\": false,\n            \"size\": 50475,\n            \"mode\": \"hosted\",\n            \"is_external\": false,\n            \"external_type\": \"\",\n            \"is_public\": true,\n            \"public_url_shared\": false,\n            \"display_as_bot\": false,\n            \"username\": \"\",\n            \"url\": \"https:\\/\\/slack-files.com\\/files-pub\\/T02SWSRV4-F051N9PF2-ec02ce48e2\\/capture_d_____cran_2015-05-26____16.55.47.png\",\n            \"url_download\": \"https:\\/\\/slack-files.com\\/files-pub\\/T02SWSRV4-F051N9PF2-ec02ce48e2\\/download\\/capture_d_____cran_2015-05-26____16.55.47.png\",\n            \"url_private\": \"https:\\/\\/files.slack.com\\/files-pri\\/T02SWSRV4-F051N9PF2\\/capture_d_____cran_2015-05-26____16.55.47.png\",\n            \"url_private_download\": \"https:\\/\\/files.slack.com\\/files-pri\\/T02SWSRV4-F051N9PF2\\/download\\/capture_d_____cran_2015-05-26____16.55.47.png\",\n            \"thumb_64\": \"https:\\/\\/slack-files.com\\/files-tmb\\/T02SWSRV4-F051N9PF2-2e9df8ad28\\/capture_d_____cran_2015-05-26____16.55.47_64.png\",\n            \"thumb_80\": \"https:\\/\\/slack-files.com\\/files-tmb\\/T02SWSRV4-F051N9PF2-2e9df8ad28\\/capture_d_____cran_2015-05-26____16.55.47_80.png\",\n            \"thumb_360\": \"https:\\/\\/slack-files.com\\/files-tmb\\/T02SWSRV4-F051N9PF2-2e9df8ad28\\/capture_d_____cran_2015-05-26____16.55.47_360.png\",\n            \"thumb_360_w\": 360,\n            \"thumb_360_h\": 268,\n            \"thumb_480\": \"https:\\/\\/slack-files.com\\/files-tmb\\/T02SWSRV4-F051N9PF2-2e9df8ad28\\/capture_d_____cran_2015-05-26____16.55.47_480.png\",\n            \"thumb_480_w\": 480,\n            \"thumb_480_h\": 357,\n            \"thumb_160\": \"https:\\/\\/slack-files.com\\/files-tmb\\/T02SWSRV4-F051N9PF2-2e9df8ad28\\/capture_d_____cran_2015-05-26____16.55.47_160.png\",\n            \"thumb_720\": \"https:\\/\\/slack-files.com\\/files-tmb\\/T02SWSRV4-F051N9PF2-2e9df8ad28\\/capture_d_____cran_2015-05-26____16.55.47_720.png\",\n            \"thumb_720_w\": 720,\n            \"thumb_720_h\": 535,\n            \"thumb_960\": \"https:\\/\\/slack-files.com\\/files-tmb\\/T02SWSRV4-F051N9PF2-2e9df8ad28\\/capture_d_____cran_2015-05-26____16.55.47_960.png\",\n            \"thumb_960_w\": 960,\n            \"thumb_960_h\": 714,\n            \"thumb_1024\": \"https:\\/\\/slack-files.com\\/files-tmb\\/T02SWSRV4-F051N9PF2-2e9df8ad28\\/capture_d_____cran_2015-05-26____16.55.47_1024.png\",\n            \"thumb_1024_w\": 1024,\n            \"thumb_1024_h\": 761,\n            \"image_exif_rotation\": 1,\n            \"original_w\": 1115,\n            \"original_h\": 829,\n            \"permalink\": \"https:\\/\\/smartven.slack.com\\/files\\/olivierkraff\\/F051N9PF2\\/capture_d_____cran_2015-05-26____16.55.47.png\",\n            \"permalink_public\": \"https:\\/\\/slack-files.com\\/T02SWSRV4-F051N9PF2-ec02ce48e2\",\n            \"channels\": [\n                \"C04V9JUJD\"\n            ],\n            \"groups\": [\n\n            ],\n            \"ims\": [\n\n            ],\n            \"comments_count\": 0\n        },\n        \"user\": \"U03H9A41N\",\n        \"upload\": true,\n        \"display_as_bot\": false,\n        \"username\": \"<@U03H9A41N|olivierkraff>\",\n        \"bot_id\": null,\n        \"ts\": \"1432652170.000079\"\n    },\n    {\n        \"type\": \"message\",\n        \"user\": \"U03H9A41N\",\n        \"text\": \"je capte pas comment ca marche sur les paquets de clope\",\n        \"ts\": \"1432652193.000080\"\n    },\n    {\n        \"type\": \"message\",\n        \"user\": \"U02SWSS00\",\n        \"text\": \"ben c\\u2019est la forme que j\\u2019ai dessin\\u00e9 !!\",\n        \"ts\": \"1432652208.000081\"\n    },\n    {\n        \"type\": \"message\",\n        \"user\": \"U02SWSS00\",\n        \"text\": \"non ?\",\n        \"ts\": \"1432652218.000082\"\n    },\n    {\n        \"type\": \"message\",\n        \"user\": \"U03H9A41N\",\n        \"text\": \"tu vois comme il se croissent en haut a droite\",\n        \"ts\": \"1432652228.000083\"\n    },\n    {\n        \"type\": \"message\",\n        \"user\": \"U02SWSS00\",\n        \"text\": \"sinon le carton est souple donc il se plie legermenet mais tu ne vois pas\",\n        \"ts\": \"1432652241.000084\"\n    },\n    {\n        \"type\": \"message\",\n        \"subtype\": \"file_share\",\n        \"text\": \"<@U03H9A41N|olivierkraff> uploaded a file: <https:\\/\\/smartven.slack.com\\/files\\/olivierkraff\\/F052A1863\\/capture_d_____cran_2015-05-26____16.57.29.png|Capture d\\u2019\\u00e9cran 2015-05-26 \\u00e0 16.57.29.png>\",\n        \"file\": {\n            \"id\": \"F052A1863\",\n            \"created\": 1432652263,\n            \"timestamp\": 1432652263,\n            \"name\": \"Capture d\\u2019\\u00e9cran 2015-05-26 \\u00e0 16.57.29.png\",\n            \"title\": \"Capture d\\u2019\\u00e9cran 2015-05-26 \\u00e0 16.57.29.png\",\n            \"mimetype\": \"image\\/png\",\n            \"filetype\": \"png\",\n            \"pretty_type\": \"PNG\",\n            \"user\": \"U03H9A41N\",\n            \"editable\": false,\n            \"size\": 63081,\n            \"mode\": \"hosted\",\n            \"is_external\": false,\n            \"external_type\": \"\",\n            \"is_public\": true,\n            \"public_url_shared\": false,\n            \"display_as_bot\": false,\n            \"username\": \"\",\n            \"url\": \"https:\\/\\/slack-files.com\\/files-pub\\/T02SWSRV4-F052A1863-6253e63bcb\\/capture_d_____cran_2015-05-26____16.57.29.png\",\n            \"url_download\": \"https:\\/\\/slack-files.com\\/files-pub\\/T02SWSRV4-F052A1863-6253e63bcb\\/download\\/capture_d_____cran_2015-05-26____16.57.29.png\",\n            \"url_private\": \"https:\\/\\/files.slack.com\\/files-pri\\/T02SWSRV4-F052A1863\\/capture_d_____cran_2015-05-26____16.57.29.png\",\n            \"url_private_download\": \"https:\\/\\/files.slack.com\\/files-pri\\/T02SWSRV4-F052A1863\\/download\\/capture_d_____cran_2015-05-26____16.57.29.png\",\n            \"thumb_64\": \"https:\\/\\/slack-files.com\\/files-tmb\\/T02SWSRV4-F052A1863-5a41fec968\\/capture_d_____cran_2015-05-26____16.57.29_64.png\",\n            \"thumb_80\": \"https:\\/\\/slack-files.com\\/files-tmb\\/T02SWSRV4-F052A1863-5a41fec968\\/capture_d_____cran_2015-05-26____16.57.29_80.png\",\n            \"thumb_360\": \"https:\\/\\/slack-files.com\\/files-tmb\\/T02SWSRV4-F052A1863-5a41fec968\\/capture_d_____cran_2015-05-26____16.57.29_360.png\",\n            \"thumb_360_w\": 334,\n            \"thumb_360_h\": 360,\n            \"thumb_480\": \"https:\\/\\/slack-files.com\\/files-tmb\\/T02SWSRV4-F052A1863-5a41fec968\\/capture_d_____cran_2015-05-26____16.57.29_480.png\",\n            \"thumb_480_w\": 446,\n            \"thumb_480_h\": 480,\n            \"thumb_160\": \"https:\\/\\/slack-files.com\\/files-tmb\\/T02SWSRV4-F052A1863-5a41fec968\\/capture_d_____cran_2015-05-26____16.57.29_160.png\",\n            \"image_exif_rotation\": 1,\n            \"original_w\": 608,\n            \"original_h\": 655,\n            \"permalink\": \"https:\\/\\/smartven.slack.com\\/files\\/olivierkraff\\/F052A1863\\/capture_d_____cran_2015-05-26____16.57.29.png\",\n            \"permalink_public\": \"https:\\/\\/slack-files.com\\/T02SWSRV4-F052A1863-6253e63bcb\",\n            \"channels\": [\n                \"C04V9JUJD\"\n            ],\n            \"groups\": [\n\n            ],\n            \"ims\": [\n\n            ],\n            \"comments_count\": 0\n        },\n        \"user\": \"U03H9A41N\",\n        \"upload\": true,\n        \"display_as_bot\": false,\n        \"username\": \"<@U03H9A41N|olivierkraff>\",\n        \"bot_id\": null,\n        \"ts\": \"1432652266.000085\"\n    },\n    {\n        \"type\": \"message\",\n        \"user\": \"U03H9A41N\",\n        \"text\": \"quand j\\u2019ouvre le paquet il y a presque pas de friction\",\n        \"ts\": \"1432652280.000086\"\n    },\n    {\n        \"type\": \"message\",\n        \"user\": \"U02SWSS00\",\n        \"text\": \"mais t\\u2019as vu mon dessin ?\",\n        \"ts\": \"1432652282.000087\"\n    },\n    {\n        \"type\": \"message\",\n        \"user\": \"U03H9A41N\",\n        \"text\": \"et pourtant c\\u2019est la qu\\u2019il y a le maintient\",\n        \"ts\": \"1432652300.000088\"\n    },\n    {\n        \"type\": \"message\",\n        \"user\": \"U02SWSS00\",\n        \"text\": \"franchement c\\u2019est tr\\u00e8s simple - la surface de devant est coup\\u00e9 en U pour limiter la tension de surface\",\n        \"ts\": \"1432652307.000089\"\n    },\n    {\n        \"type\": \"message\",\n        \"user\": \"U02SWSS00\",\n        \"text\": \"et se plier\",\n        \"ts\": \"1432652311.000090\"\n    },\n    {\n        \"type\": \"message\",\n        \"user\": \"U03H9A41N\",\n        \"text\": \"ca doit etre laxe de rotation qui est pas bon\",\n        \"ts\": \"1432652316.000091\"\n    },\n    {\n        \"type\": \"message\",\n        \"user\": \"U02SWSS00\",\n        \"text\": \"il est bon !\",\n        \"ts\": \"1432652323.000092\"\n    },\n    {\n        \"type\": \"message\",\n        \"user\": \"U03H9A41N\",\n        \"text\": \"ok\",\n        \"ts\": \"1432652339.000093\"\n    },\n    {\n        \"type\": \"message\",\n        \"user\": \"U03H9A41N\",\n        \"text\": \"si ca marche pour toi comme ca c \\u2018est bon\",\n        \"ts\": \"1432652360.000094\"\n    },\n    {\n        \"type\": \"message\",\n        \"user\": \"U03H9A41N\",\n        \"text\": \"j\\u2019ajusterais la hauteur en fonction du design et on sera bon\",\n        \"ts\": \"1432652378.000095\"\n    },\n    {\n        \"type\": \"message\",\n        \"user\": \"U03H9A41N\",\n        \"text\": \"je passe a la suite :wink:\",\n        \"ts\": \"1432652386.000096\"\n    },\n    {\n        \"type\": \"message\",\n        \"user\": \"U02SWSS00\",\n        \"text\": \"yes\",\n        \"ts\": \"1432652392.000097\"\n    },\n    {\n        \"type\": \"message\",\n        \"user\": \"U02SWSS00\",\n        \"text\": \"c\\u2019est le plus important\",\n        \"ts\": \"1432652396.000098\"\n    }\n]";
				LastUpgradeCheck = 0640;
				ORGANIZATIONNAME = "Steve Anavi";
				TargetAttributes = {
					AAD48DA51B90A5A50038F6A9 = {
						CreatedOnToolsVersion = 6.4;
						DevelopmentTeam = 8XC332YR9T;
					};
					AAD48DBE1B90A5A50038F6A9 = {
						CreatedOnToolsVersion = 6.4;
						TestTargetID = AAD48DA51B90A5A50038F6A9;
					};
				};
			};
			buildConfigurationList = AAD48DA11B90A5A50038F6A9 /* Build configuration list for PBXProject "Tipps" */;
			compatibilityVersion = "Xcode 6.3";
			developmentRegion = English;
			hasScannedForEncodings = 0;
			knownRegions = (
				en,
				Base,
			);
			mainGroup = AAD48D9D1B90A5A50038F6A9;
			productRefGroup = AAD48DA71B90A5A50038F6A9 /* Products */;
			projectDirPath = "";
			projectRoot = "";
			targets = (
				AAD48DA51B90A5A50038F6A9 /* Tipps */,
				AAD48DBE1B90A5A50038F6A9 /* TippsTests */,
			);
		};
/* End PBXProject section */

/* Begin PBXResourcesBuildPhase section */
		AAD48DA41B90A5A50038F6A9 /* Resources */ = {
			isa = PBXResourcesBuildPhase;
			buildActionMask = 2147483647;
			files = (
				AAD48DB51B90A5A50038F6A9 /* Main.storyboard in Resources */,
				AAD48DBA1B90A5A50038F6A9 /* LaunchScreen.xib in Resources */,
				AAD48DB71B90A5A50038F6A9 /* Images.xcassets in Resources */,
			);
			runOnlyForDeploymentPostprocessing = 0;
		};
		AAD48DBD1B90A5A50038F6A9 /* Resources */ = {
			isa = PBXResourcesBuildPhase;
			buildActionMask = 2147483647;
			files = (
			);
			runOnlyForDeploymentPostprocessing = 0;
		};
/* End PBXResourcesBuildPhase section */

/* Begin PBXSourcesBuildPhase section */
		AAD48DA21B90A5A50038F6A9 /* Sources */ = {
			isa = PBXSourcesBuildPhase;
			buildActionMask = 2147483647;
			files = (
				AAD48DB21B90A5A50038F6A9 /* ViewController.m in Sources */,
				AAD48DAF1B90A5A50038F6A9 /* AppDelegate.m in Sources */,
				AAD48DAC1B90A5A50038F6A9 /* main.m in Sources */,
			);
			runOnlyForDeploymentPostprocessing = 0;
		};
		AAD48DBB1B90A5A50038F6A9 /* Sources */ = {
			isa = PBXSourcesBuildPhase;
			buildActionMask = 2147483647;
			files = (
				AAD48DC61B90A5A50038F6A9 /* TippsTests.m in Sources */,
			);
			runOnlyForDeploymentPostprocessing = 0;
		};
/* End PBXSourcesBuildPhase section */

/* Begin PBXTargetDependency section */
		AAD48DC11B90A5A50038F6A9 /* PBXTargetDependency */ = {
			isa = PBXTargetDependency;
			target = AAD48DA51B90A5A50038F6A9 /* Tipps */;
			targetProxy = AAD48DC01B90A5A50038F6A9 /* PBXContainerItemProxy */;
		};
/* End PBXTargetDependency section */

/* Begin PBXVariantGroup section */
		AAD48DB31B90A5A50038F6A9 /* Main.storyboard */ = {
			isa = PBXVariantGroup;
			children = (
				AAD48DB41B90A5A50038F6A9 /* Base */,
			);
			name = Main.storyboard;
			sourceTree = "<group>";
		};
		AAD48DB81B90A5A50038F6A9 /* LaunchScreen.xib */ = {
			isa = PBXVariantGroup;
			children = (
				AAD48DB91B90A5A50038F6A9 /* Base */,
			);
			name = LaunchScreen.xib;
			sourceTree = "<group>";
		};
/* End PBXVariantGroup section */

/* Begin XCBuildConfiguration section */
		AAD48DC71B90A5A50038F6A9 /* Debug */ = {
			isa = XCBuildConfiguration;
			buildSettings = {
				ALWAYS_SEARCH_USER_PATHS = NO;
				CLANG_CXX_LANGUAGE_STANDARD = "gnu++0x";
				CLANG_CXX_LIBRARY = "libc++";
				CLANG_ENABLE_MODULES = YES;
				CLANG_ENABLE_OBJC_ARC = YES;
				CLANG_WARN_BOOL_CONVERSION = YES;
				CLANG_WARN_CONSTANT_CONVERSION = YES;
				CLANG_WARN_DIRECT_OBJC_ISA_USAGE = YES_ERROR;
				CLANG_WARN_EMPTY_BODY = YES;
				CLANG_WARN_ENUM_CONVERSION = YES;
				CLANG_WARN_INT_CONVERSION = YES;
				CLANG_WARN_OBJC_ROOT_CLASS = YES_ERROR;
				CLANG_WARN_UNREACHABLE_CODE = YES;
				CLANG_WARN__DUPLICATE_METHOD_MATCH = YES;
				"CODE_SIGN_IDENTITY[sdk=iphoneos*]" = "iPhone Developer";
				COPY_PHASE_STRIP = NO;
				DEBUG_INFORMATION_FORMAT = "dwarf-with-dsym";
				ENABLE_STRICT_OBJC_MSGSEND = YES;
				GCC_C_LANGUAGE_STANDARD = gnu99;
				GCC_DYNAMIC_NO_PIC = NO;
				GCC_NO_COMMON_BLOCKS = YES;
				GCC_OPTIMIZATION_LEVEL = 0;
				GCC_PREPROCESSOR_DEFINITIONS = (
					"DEBUG=1",
					"$(inherited)",
				);
				GCC_SYMBOLS_PRIVATE_EXTERN = NO;
				GCC_WARN_64_TO_32_BIT_CONVERSION = YES;
				GCC_WARN_ABOUT_RETURN_TYPE = YES_ERROR;
				GCC_WARN_UNDECLARED_SELECTOR = YES;
				GCC_WARN_UNINITIALIZED_AUTOS = YES_AGGRESSIVE;
				GCC_WARN_UNUSED_FUNCTION = YES;
				GCC_WARN_UNUSED_VARIABLE = YES;
				IPHONEOS_DEPLOYMENT_TARGET = 8.4;
				MTL_ENABLE_DEBUG_INFO = YES;
				ONLY_ACTIVE_ARCH = YES;
				SDKROOT = iphoneos;
			};
			name = Debug;
		};
		AAD48DC81B90A5A50038F6A9 /* Release */ = {
			isa = XCBuildConfiguration;
			buildSettings = {
				ALWAYS_SEARCH_USER_PATHS = NO;
				CLANG_CXX_LANGUAGE_STANDARD = "gnu++0x";
				CLANG_CXX_LIBRARY = "libc++";
				CLANG_ENABLE_MODULES = YES;
				CLANG_ENABLE_OBJC_ARC = YES;
				CLANG_WARN_BOOL_CONVERSION = YES;
				CLANG_WARN_CONSTANT_CONVERSION = YES;
				CLANG_WARN_DIRECT_OBJC_ISA_USAGE = YES_ERROR;
				CLANG_WARN_EMPTY_BODY = YES;
				CLANG_WARN_ENUM_CONVERSION = YES;
				CLANG_WARN_INT_CONVERSION = YES;
				CLANG_WARN_OBJC_ROOT_CLASS = YES_ERROR;
				CLANG_WARN_UNREACHABLE_CODE = YES;
				CLANG_WARN__DUPLICATE_METHOD_MATCH = YES;
				"CODE_SIGN_IDENTITY[sdk=iphoneos*]" = "iPhone Developer";
				COPY_PHASE_STRIP = NO;
				DEBUG_INFORMATION_FORMAT = "dwarf-with-dsym";
				ENABLE_NS_ASSERTIONS = NO;
				ENABLE_STRICT_OBJC_MSGSEND = YES;
				GCC_C_LANGUAGE_STANDARD = gnu99;
				GCC_NO_COMMON_BLOCKS = YES;
				GCC_WARN_64_TO_32_BIT_CONVERSION = YES;
				GCC_WARN_ABOUT_RETURN_TYPE = YES_ERROR;
				GCC_WARN_UNDECLARED_SELECTOR = YES;
				GCC_WARN_UNINITIALIZED_AUTOS = YES_AGGRESSIVE;
				GCC_WARN_UNUSED_FUNCTION = YES;
				GCC_WARN_UNUSED_VARIABLE = YES;
				IPHONEOS_DEPLOYMENT_TARGET = 8.4;
				MTL_ENABLE_DEBUG_INFO = NO;
				SDKROOT = iphoneos;
				VALIDATE_PRODUCT = YES;
			};
			name = Release;
		};
		AAD48DCA1B90A5A50038F6A9 /* Debug */ = {
			isa = XCBuildConfiguration;
			buildSettings = {
				ASSETCATALOG_COMPILER_APPICON_NAME = AppIcon;
				CODE_SIGN_IDENTITY = "iPhone Developer: Steve Anavi (VSB6AP86JG)";
				"CODE_SIGN_IDENTITY[sdk=iphoneos*]" = "iPhone Developer";
				INFOPLIST_FILE = Tipps/Info.plist;
				IPHONEOS_DEPLOYMENT_TARGET = 8.4;
				LD_RUNPATH_SEARCH_PATHS = "$(inherited) @executable_path/Frameworks";
				PRODUCT_NAME = "$(TARGET_NAME)";
				PROVISIONING_PROFILE = "";
				TARGETED_DEVICE_FAMILY = 1;
			};
			name = Debug;
		};
		AAD48DCB1B90A5A50038F6A9 /* Release */ = {
			isa = XCBuildConfiguration;
			buildSettings = {
				ASSETCATALOG_COMPILER_APPICON_NAME = AppIcon;
				CODE_SIGN_IDENTITY = "iPhone Developer: Steve Anavi (VSB6AP86JG)";
				"CODE_SIGN_IDENTITY[sdk=iphoneos*]" = "iPhone Developer";
				INFOPLIST_FILE = Tipps/Info.plist;
				IPHONEOS_DEPLOYMENT_TARGET = 8.4;
				LD_RUNPATH_SEARCH_PATHS = "$(inherited) @executable_path/Frameworks";
				PRODUCT_NAME = "$(TARGET_NAME)";
				PROVISIONING_PROFILE = "";
				TARGETED_DEVICE_FAMILY = 1;
			};
			name = Release;
		};
		AAD48DCD1B90A5A50038F6A9 /* Debug */ = {
			isa = XCBuildConfiguration;
			buildSettings = {
				BUNDLE_LOADER = "$(TEST_HOST)";
				FRAMEWORK_SEARCH_PATHS = (
					"$(SDKROOT)/Developer/Library/Frameworks",
					"$(inherited)",
				);
				GCC_PREPROCESSOR_DEFINITIONS = (
					"DEBUG=1",
					"$(inherited)",
				);
				INFOPLIST_FILE = TippsTests/Info.plist;
				LD_RUNPATH_SEARCH_PATHS = "$(inherited) @executable_path/Frameworks @loader_path/Frameworks";
				PRODUCT_NAME = "$(TARGET_NAME)";
				TEST_HOST = "$(BUILT_PRODUCTS_DIR)/Tipps.app/Tipps";
			};
			name = Debug;
		};
		AAD48DCE1B90A5A50038F6A9 /* Release */ = {
			isa = XCBuildConfiguration;
			buildSettings = {
				BUNDLE_LOADER = "$(TEST_HOST)";
				FRAMEWORK_SEARCH_PATHS = (
					"$(SDKROOT)/Developer/Library/Frameworks",
					"$(inherited)",
				);
				INFOPLIST_FILE = TippsTests/Info.plist;
				LD_RUNPATH_SEARCH_PATHS = "$(inherited) @executable_path/Frameworks @loader_path/Frameworks";
				PRODUCT_NAME = "$(TARGET_NAME)";
				TEST_HOST = "$(BUILT_PRODUCTS_DIR)/Tipps.app/Tipps";
			};
			name = Release;
		};
/* End XCBuildConfiguration section */

/* Begin XCConfigurationList section */
		AAD48DA11B90A5A50038F6A9 /* Build configuration list for PBXProject "Tipps" */ = {
			isa = XCConfigurationList;
			buildConfigurations = (
				AAD48DC71B90A5A50038F6A9 /* Debug */,
				AAD48DC81B90A5A50038F6A9 /* Release */,
			);
			defaultConfigurationIsVisible = 0;
			defaultConfigurationName = Release;
		};
		AAD48DC91B90A5A50038F6A9 /* Build configuration list for PBXNativeTarget "Tipps" */ = {
			isa = XCConfigurationList;
			buildConfigurations = (
				AAD48DCA1B90A5A50038F6A9 /* Debug */,
				AAD48DCB1B90A5A50038F6A9 /* Release */,
			);
			defaultConfigurationIsVisible = 0;
		};
		AAD48DCC1B90A5A50038F6A9 /* Build configuration list for PBXNativeTarget "TippsTests" */ = {
			isa = XCConfigurationList;
			buildConfigurations = (
				AAD48DCD1B90A5A50038F6A9 /* Debug */,
				AAD48DCE1B90A5A50038F6A9 /* Release */,
			);
			defaultConfigurationIsVisible = 0;
		};
/* End XCConfigurationList section */
	};
	rootObject = AAD48D9E1B90A5A50038F6A9 /* Project object */;
}
